// !$*UTF8*$!
{
	archiveVersion = 1;
	classes = {
	};
	objectVersion = 56;
	objects = {

/* Begin PBXBuildFile section */
		300D4FAD2C0383510068824B /* Assets in Resources */ = {isa = PBXBuildFile; fileRef = 300D4FAC2C0383510068824B /* Assets */; };
		300D4FAF2C038DFB0068824B /* RogueProgram.mm in Sources */ = {isa = PBXBuildFile; fileRef = 300D4FAE2C038DFB0068824B /* RogueProgram.mm */; };
		306912D12B5E7D7400B14F73 /* AppDelegate.m in Sources */ = {isa = PBXBuildFile; fileRef = 306912D02B5E7D7400B14F73 /* AppDelegate.m */; };
		306912D32B5E7D7500B14F73 /* ProjectAssets.xcassets in Resources */ = {isa = PBXBuildFile; fileRef = 306912D22B5E7D7500B14F73 /* ProjectAssets.xcassets */; };
		306912E12B5E7E1D00B14F73 /* Warlock.swift in Sources */ = {isa = PBXBuildFile; fileRef = 306912E02B5E7E1D00B14F73 /* Warlock.swift */; };
		3069132E2B5E8A1A00B14F73 /* Main.mm in Sources */ = {isa = PBXBuildFile; fileRef = 3069132C2B5E8A1A00B14F73 /* Main.mm */; };
		306913582B5E98C400B14F73 /* SDL2.framework in Frameworks */ = {isa = PBXBuildFile; fileRef = 306913402B5E8D1100B14F73 /* SDL2.framework */; };
		306913592B5E98C400B14F73 /* SDL2.framework in Embed Frameworks */ = {isa = PBXBuildFile; fileRef = 306913402B5E8D1100B14F73 /* SDL2.framework */; settings = {ATTRIBUTES = (CodeSignOnCopy, RemoveHeadersOnCopy, ); }; };
		30B5A2AF2BFACFE90030183A /* WarlockInterface.mm in Sources */ = {isa = PBXBuildFile; fileRef = 30B5A2AE2BFACFE90030183A /* WarlockInterface.mm */; };
		30CB68D32BF549D4008A95B7 /* RogueInterface.mm in Sources */ = {isa = PBXBuildFile; fileRef = 30CB68D12BF549D4008A95B7 /* RogueInterface.mm */; };
/* End PBXBuildFile section */

/* Begin PBXContainerItemProxy section */
		3069133F2B5E8D1100B14F73 /* PBXContainerItemProxy */ = {
			isa = PBXContainerItemProxy;
			containerPortal = 306913312B5E8D1100B14F73 /* SDL.xcodeproj */;
			proxyType = 2;
			remoteGlobalIDString = BECDF66C0761BA81005FE872;
			remoteInfo = Framework;
		};
		306913412B5E8D1100B14F73 /* PBXContainerItemProxy */ = {
			isa = PBXContainerItemProxy;
			containerPortal = 306913312B5E8D1100B14F73 /* SDL.xcodeproj */;
			proxyType = 2;
			remoteGlobalIDString = A7D88B5423E2437C00DCD162;
			remoteInfo = "Framework-iOS";
		};
		306913432B5E8D1100B14F73 /* PBXContainerItemProxy */ = {
			isa = PBXContainerItemProxy;
			containerPortal = 306913312B5E8D1100B14F73 /* SDL.xcodeproj */;
			proxyType = 2;
			remoteGlobalIDString = A7D88D1523E24BED00DCD162;
			remoteInfo = "Framework-tvOS";
		};
		306913452B5E8D1100B14F73 /* PBXContainerItemProxy */ = {
			isa = PBXContainerItemProxy;
			containerPortal = 306913312B5E8D1100B14F73 /* SDL.xcodeproj */;
			proxyType = 2;
			remoteGlobalIDString = E2D187CF28A5673500D2B4F1;
			remoteInfo = "xcFramework-iOS";
		};
		306913472B5E8D1100B14F73 /* PBXContainerItemProxy */ = {
			isa = PBXContainerItemProxy;
			containerPortal = 306913312B5E8D1100B14F73 /* SDL.xcodeproj */;
			proxyType = 2;
			remoteGlobalIDString = BECDF6B30761BA81005FE872;
			remoteInfo = "Static Library";
		};
		306913492B5E8D1100B14F73 /* PBXContainerItemProxy */ = {
			isa = PBXContainerItemProxy;
			containerPortal = 306913312B5E8D1100B14F73 /* SDL.xcodeproj */;
			proxyType = 2;
			remoteGlobalIDString = A7D88E5423E24D3B00DCD162;
			remoteInfo = "Static Library-iOS";
		};
		3069134B2B5E8D1100B14F73 /* PBXContainerItemProxy */ = {
			isa = PBXContainerItemProxy;
			containerPortal = 306913312B5E8D1100B14F73 /* SDL.xcodeproj */;
			proxyType = 2;
			remoteGlobalIDString = A769B23D23E259AE00872273;
			remoteInfo = "Static Library-tvOS";
		};
		3069134D2B5E8D1100B14F73 /* PBXContainerItemProxy */ = {
			isa = PBXContainerItemProxy;
			containerPortal = 306913312B5E8D1100B14F73 /* SDL.xcodeproj */;
			proxyType = 2;
			remoteGlobalIDString = DB31407717554B71006C0E22;
			remoteInfo = "Shared Library";
		};
		3069134F2B5E8D1100B14F73 /* PBXContainerItemProxy */ = {
			isa = PBXContainerItemProxy;
			containerPortal = 306913312B5E8D1100B14F73 /* SDL.xcodeproj */;
			proxyType = 2;
			remoteGlobalIDString = A75FCEB323E25AB700529352;
			remoteInfo = "Shared Library-iOS";
		};
		306913512B5E8D1100B14F73 /* PBXContainerItemProxy */ = {
			isa = PBXContainerItemProxy;
			containerPortal = 306913312B5E8D1100B14F73 /* SDL.xcodeproj */;
			proxyType = 2;
			remoteGlobalIDString = A75FD06C23E25AC700529352;
			remoteInfo = "Shared Library-tvOS";
		};
		306913532B5E8D1100B14F73 /* PBXContainerItemProxy */ = {
			isa = PBXContainerItemProxy;
			containerPortal = 306913312B5E8D1100B14F73 /* SDL.xcodeproj */;
			proxyType = 2;
			remoteGlobalIDString = BECDF6BE0761BA81005FE872;
			remoteInfo = "Standard DMG";
		};
/* End PBXContainerItemProxy section */

/* Begin PBXCopyFilesBuildPhase section */
		3069135A2B5E98C400B14F73 /* Embed Frameworks */ = {
			isa = PBXCopyFilesBuildPhase;
			buildActionMask = 2147483647;
			dstPath = "";
			dstSubfolderSpec = 10;
			files = (
				306913592B5E98C400B14F73 /* SDL2.framework in Embed Frameworks */,
			);
			name = "Embed Frameworks";
			runOnlyForDeploymentPostprocessing = 0;
		};
/* End PBXCopyFilesBuildPhase section */

/* Begin PBXFileReference section */
		300D4FAC2C0383510068824B /* Assets */ = {isa = PBXFileReference; lastKnownFileType = folder; name = Assets; path = ../../../Build/macOS/Assets; sourceTree = "<group>"; };
		300D4FAE2C038DFB0068824B /* RogueProgram.mm */ = {isa = PBXFileReference; fileEncoding = 4; lastKnownFileType = sourcecode.cpp.objcpp; name = RogueProgram.mm; path = ../../Build/macOS/Source/RogueProgram.mm; sourceTree = "<group>"; };
		306912CC2B5E7D7400B14F73 /* Warlock-macOS.app */ = {isa = PBXFileReference; explicitFileType = wrapper.application; includeInIndex = 0; path = "Warlock-macOS.app"; sourceTree = BUILT_PRODUCTS_DIR; };
		306912CF2B5E7D7400B14F73 /* AppDelegate.h */ = {isa = PBXFileReference; lastKnownFileType = sourcecode.c.h; path = AppDelegate.h; sourceTree = "<group>"; };
		306912D02B5E7D7400B14F73 /* AppDelegate.m */ = {isa = PBXFileReference; lastKnownFileType = sourcecode.c.objc; path = AppDelegate.m; sourceTree = "<group>"; };
		306912D22B5E7D7500B14F73 /* ProjectAssets.xcassets */ = {isa = PBXFileReference; lastKnownFileType = folder.assetcatalog; path = ProjectAssets.xcassets; sourceTree = "<group>"; };
		306912D92B5E7D7500B14F73 /* Project_macOS.entitlements */ = {isa = PBXFileReference; lastKnownFileType = text.plist.entitlements; path = Project_macOS.entitlements; sourceTree = "<group>"; };
		306912DF2B5E7E1C00B14F73 /* Warlock-Bridging-Header.h */ = {isa = PBXFileReference; lastKnownFileType = sourcecode.c.h; path = "Warlock-Bridging-Header.h"; sourceTree = "<group>"; };
		306912E02B5E7E1D00B14F73 /* Warlock.swift */ = {isa = PBXFileReference; lastKnownFileType = sourcecode.swift; path = Warlock.swift; sourceTree = "<group>"; };
		3069132C2B5E8A1A00B14F73 /* Main.mm */ = {isa = PBXFileReference; lastKnownFileType = sourcecode.cpp.objcpp; path = Main.mm; sourceTree = "<group>"; };
		3069132D2B5E8A1A00B14F73 /* Main.hpp */ = {isa = PBXFileReference; lastKnownFileType = sourcecode.cpp.h; path = Main.hpp; sourceTree = "<group>"; };
		306913312B5E8D1100B14F73 /* SDL.xcodeproj */ = {isa = PBXFileReference; lastKnownFileType = "wrapper.pb-project"; name = SDL.xcodeproj; path = ../../Libraries/SDL/Xcode/SDL/SDL.xcodeproj; sourceTree = "<group>"; };
		30B5A2A22BFACB1E0030183A /* WarlockInterface.h */ = {isa = PBXFileReference; fileEncoding = 4; lastKnownFileType = sourcecode.c.h; name = WarlockInterface.h; path = ../../Libraries/Warlock/ObjC/WarlockInterface.h; sourceTree = "<group>"; };
		30B5A2AE2BFACFE90030183A /* WarlockInterface.mm */ = {isa = PBXFileReference; fileEncoding = 4; lastKnownFileType = sourcecode.cpp.objcpp; name = WarlockInterface.mm; path = ../../Libraries/Warlock/ObjC/WarlockInterface.mm; sourceTree = "<group>"; };
		30CB68CF2BF549B0008A95B7 /* RogueProgram.h */ = {isa = PBXFileReference; fileEncoding = 4; lastKnownFileType = sourcecode.c.h; name = RogueProgram.h; path = ../../Build/macOS/Source/RogueProgram.h; sourceTree = "<group>"; };
		30CB68D12BF549D4008A95B7 /* RogueInterface.mm */ = {isa = PBXFileReference; fileEncoding = 4; lastKnownFileType = sourcecode.cpp.objcpp; name = RogueInterface.mm; path = ../../Libraries/Warlock/ObjC/RogueInterface.mm; sourceTree = "<group>"; };
		30CB68D22BF549D4008A95B7 /* RogueInterface.h */ = {isa = PBXFileReference; fileEncoding = 4; lastKnownFileType = sourcecode.c.h; name = RogueInterface.h; path = ../../Libraries/Warlock/ObjC/RogueInterface.h; sourceTree = "<group>"; };
/* End PBXFileReference section */

/* Begin PBXFrameworksBuildPhase section */
		306912C92B5E7D7400B14F73 /* Frameworks */ = {
			isa = PBXFrameworksBuildPhase;
			buildActionMask = 2147483647;
			files = (
				306913582B5E98C400B14F73 /* SDL2.framework in Frameworks */,
			);
			runOnlyForDeploymentPostprocessing = 0;
		};
/* End PBXFrameworksBuildPhase section */

/* Begin PBXGroup section */
		306912C32B5E7D7400B14F73 = {
			isa = PBXGroup;
			children = (
				30CB68C22BF54994008A95B7 /* Rogue */,
				306913312B5E8D1100B14F73 /* SDL.xcodeproj */,
				306912E02B5E7E1D00B14F73 /* Warlock.swift */,
				306912CE2B5E7D7400B14F73 /* Warlock-macOS */,
				306912CD2B5E7D7400B14F73 /* Products */,
				306912DF2B5E7E1C00B14F73 /* Warlock-Bridging-Header.h */,
				306913552B5E8D2300B14F73 /* Frameworks */,
			);
			sourceTree = "<group>";
		};
		306912CD2B5E7D7400B14F73 /* Products */ = {
			isa = PBXGroup;
			children = (
				306912CC2B5E7D7400B14F73 /* Warlock-macOS.app */,
			);
			name = Products;
			sourceTree = "<group>";
		};
		306912CE2B5E7D7400B14F73 /* Warlock-macOS */ = {
			isa = PBXGroup;
			children = (
				300D4FAC2C0383510068824B /* Assets */,
				306912CF2B5E7D7400B14F73 /* AppDelegate.h */,
				306912D02B5E7D7400B14F73 /* AppDelegate.m */,
				306912D22B5E7D7500B14F73 /* ProjectAssets.xcassets */,
				306912D92B5E7D7500B14F73 /* Project_macOS.entitlements */,
				3069132C2B5E8A1A00B14F73 /* Main.mm */,
				3069132D2B5E8A1A00B14F73 /* Main.hpp */,
			);
			path = "Warlock-macOS";
			sourceTree = "<group>";
		};
		306913322B5E8D1100B14F73 /* Products */ = {
			isa = PBXGroup;
			children = (
				306913402B5E8D1100B14F73 /* SDL2.framework */,
				306913422B5E8D1100B14F73 /* SDL2.framework */,
				306913442B5E8D1100B14F73 /* SDL2.framework */,
				306913462B5E8D1100B14F73 /* SDL2.framework */,
				306913482B5E8D1100B14F73 /* libSDL2.a */,
				3069134A2B5E8D1100B14F73 /* libSDL2.a */,
				3069134C2B5E8D1100B14F73 /* libSDL2.a */,
				3069134E2B5E8D1100B14F73 /* libSDL2.dylib */,
				306913502B5E8D1100B14F73 /* libSDL2.dylib */,
				306913522B5E8D1100B14F73 /* libSDL2.dylib */,
				306913542B5E8D1100B14F73 /* SDL2 */,
			);
			name = Products;
			sourceTree = "<group>";
		};
		306913552B5E8D2300B14F73 /* Frameworks */ = {
			isa = PBXGroup;
			children = (
			);
			name = Frameworks;
			sourceTree = "<group>";
		};
		30CB68C22BF54994008A95B7 /* Rogue */ = {
			isa = PBXGroup;
			children = (
				300D4FAE2C038DFB0068824B /* RogueProgram.mm */,
				30B5A2AE2BFACFE90030183A /* WarlockInterface.mm */,
				30B5A2A22BFACB1E0030183A /* WarlockInterface.h */,
				30CB68D22BF549D4008A95B7 /* RogueInterface.h */,
				30CB68D12BF549D4008A95B7 /* RogueInterface.mm */,
				30CB68CF2BF549B0008A95B7 /* RogueProgram.h */,
			);
			name = Rogue;
			sourceTree = "<group>";
		};
/* End PBXGroup section */

/* Begin PBXNativeTarget section */
		306912CB2B5E7D7400B14F73 /* Warlock-macOS */ = {
			isa = PBXNativeTarget;
			buildConfigurationList = 306912DC2B5E7D7500B14F73 /* Build configuration list for PBXNativeTarget "Warlock-macOS" */;
			buildPhases = (
				30B5A2892BF647EE0030183A /* ShellScript */,
				306912C82B5E7D7400B14F73 /* Sources */,
				306912C92B5E7D7400B14F73 /* Frameworks */,
				306912CA2B5E7D7400B14F73 /* Resources */,
				3069135A2B5E98C400B14F73 /* Embed Frameworks */,
			);
			buildRules = (
			);
			dependencies = (
			);
			name = "Warlock-macOS";
			productName = "Warlock-macOS";
			productReference = 306912CC2B5E7D7400B14F73 /* Warlock-macOS.app */;
			productType = "com.apple.product-type.application";
		};
/* End PBXNativeTarget section */

/* Begin PBXProject section */
		306912C42B5E7D7400B14F73 /* Project object */ = {
			isa = PBXProject;
			attributes = {
				BuildIndependentTargetsInParallel = 1;
				LastUpgradeCheck = 1520;
				TargetAttributes = {
					306912CB2B5E7D7400B14F73 = {
						CreatedOnToolsVersion = 15.2;
						LastSwiftMigration = 1520;
					};
				};
			};
			buildConfigurationList = 306912C72B5E7D7400B14F73 /* Build configuration list for PBXProject "Warlock-macOS" */;
			compatibilityVersion = "Xcode 14.0";
			developmentRegion = en;
			hasScannedForEncodings = 0;
			knownRegions = (
				en,
				Base,
			);
			mainGroup = 306912C32B5E7D7400B14F73;
			productRefGroup = 306912CD2B5E7D7400B14F73 /* Products */;
			projectDirPath = "";
			projectReferences = (
				{
					ProductGroup = 306913322B5E8D1100B14F73 /* Products */;
					ProjectRef = 306913312B5E8D1100B14F73 /* SDL.xcodeproj */;
				},
			);
			projectRoot = "";
			targets = (
				306912CB2B5E7D7400B14F73 /* Warlock-macOS */,
			);
		};
/* End PBXProject section */

/* Begin PBXReferenceProxy section */
		306913402B5E8D1100B14F73 /* SDL2.framework */ = {
			isa = PBXReferenceProxy;
			fileType = wrapper.framework;
			path = SDL2.framework;
			remoteRef = 3069133F2B5E8D1100B14F73 /* PBXContainerItemProxy */;
			sourceTree = BUILT_PRODUCTS_DIR;
		};
		306913422B5E8D1100B14F73 /* SDL2.framework */ = {
			isa = PBXReferenceProxy;
			fileType = wrapper.framework;
			path = SDL2.framework;
			remoteRef = 306913412B5E8D1100B14F73 /* PBXContainerItemProxy */;
			sourceTree = BUILT_PRODUCTS_DIR;
		};
		306913442B5E8D1100B14F73 /* SDL2.framework */ = {
			isa = PBXReferenceProxy;
			fileType = wrapper.framework;
			path = SDL2.framework;
			remoteRef = 306913432B5E8D1100B14F73 /* PBXContainerItemProxy */;
			sourceTree = BUILT_PRODUCTS_DIR;
		};
		306913462B5E8D1100B14F73 /* SDL2.framework */ = {
			isa = PBXReferenceProxy;
			fileType = wrapper.framework;
			path = SDL2.framework;
			remoteRef = 306913452B5E8D1100B14F73 /* PBXContainerItemProxy */;
			sourceTree = BUILT_PRODUCTS_DIR;
		};
		306913482B5E8D1100B14F73 /* libSDL2.a */ = {
			isa = PBXReferenceProxy;
			fileType = archive.ar;
			path = libSDL2.a;
			remoteRef = 306913472B5E8D1100B14F73 /* PBXContainerItemProxy */;
			sourceTree = BUILT_PRODUCTS_DIR;
		};
		3069134A2B5E8D1100B14F73 /* libSDL2.a */ = {
			isa = PBXReferenceProxy;
			fileType = archive.ar;
			path = libSDL2.a;
			remoteRef = 306913492B5E8D1100B14F73 /* PBXContainerItemProxy */;
			sourceTree = BUILT_PRODUCTS_DIR;
		};
		3069134C2B5E8D1100B14F73 /* libSDL2.a */ = {
			isa = PBXReferenceProxy;
			fileType = archive.ar;
			path = libSDL2.a;
			remoteRef = 3069134B2B5E8D1100B14F73 /* PBXContainerItemProxy */;
			sourceTree = BUILT_PRODUCTS_DIR;
		};
		3069134E2B5E8D1100B14F73 /* libSDL2.dylib */ = {
			isa = PBXReferenceProxy;
			fileType = "compiled.mach-o.dylib";
			path = libSDL2.dylib;
			remoteRef = 3069134D2B5E8D1100B14F73 /* PBXContainerItemProxy */;
			sourceTree = BUILT_PRODUCTS_DIR;
		};
		306913502B5E8D1100B14F73 /* libSDL2.dylib */ = {
			isa = PBXReferenceProxy;
			fileType = "compiled.mach-o.dylib";
			path = libSDL2.dylib;
			remoteRef = 3069134F2B5E8D1100B14F73 /* PBXContainerItemProxy */;
			sourceTree = BUILT_PRODUCTS_DIR;
		};
		306913522B5E8D1100B14F73 /* libSDL2.dylib */ = {
			isa = PBXReferenceProxy;
			fileType = "compiled.mach-o.dylib";
			path = libSDL2.dylib;
			remoteRef = 306913512B5E8D1100B14F73 /* PBXContainerItemProxy */;
			sourceTree = BUILT_PRODUCTS_DIR;
		};
		306913542B5E8D1100B14F73 /* SDL2 */ = {
			isa = PBXReferenceProxy;
			fileType = "compiled.mach-o.executable";
			path = SDL2;
			remoteRef = 306913532B5E8D1100B14F73 /* PBXContainerItemProxy */;
			sourceTree = BUILT_PRODUCTS_DIR;
		};
/* End PBXReferenceProxy section */

/* Begin PBXResourcesBuildPhase section */
		306912CA2B5E7D7400B14F73 /* Resources */ = {
			isa = PBXResourcesBuildPhase;
			buildActionMask = 2147483647;
			files = (
				300D4FAD2C0383510068824B /* Assets in Resources */,
				306912D32B5E7D7500B14F73 /* ProjectAssets.xcassets in Resources */,
			);
			runOnlyForDeploymentPostprocessing = 0;
		};
/* End PBXResourcesBuildPhase section */

/* Begin PBXShellScriptBuildPhase section */
		30B5A2892BF647EE0030183A /* ShellScript */ = {
			isa = PBXShellScriptBuildPhase;
			alwaysOutOfDate = 1;
			buildActionMask = 2147483647;
			files = (
			);
			inputFileListPaths = (
			);
			inputPaths = (
			);
			outputFileListPaths = (
			);
			outputPaths = (
			);
			runOnlyForDeploymentPostprocessing = 0;
			shellPath = /bin/sh;
			shellScript = "cd ../..\nenv -i PATH=/opt/morlock/bin:/opt/homebrew/bin:/usr/local/bin:/usr/bin:/bin:/usr/sbin:/sbin HOME=$HOME IDE=true rogo macos\n";
		};
/* End PBXShellScriptBuildPhase section */

/* Begin PBXSourcesBuildPhase section */
		306912C82B5E7D7400B14F73 /* Sources */ = {
			isa = PBXSourcesBuildPhase;
			buildActionMask = 2147483647;
			files = (
				30CB68D32BF549D4008A95B7 /* RogueInterface.mm in Sources */,
				3069132E2B5E8A1A00B14F73 /* Main.mm in Sources */,
				300D4FAF2C038DFB0068824B /* RogueProgram.mm in Sources */,
				306912D12B5E7D7400B14F73 /* AppDelegate.m in Sources */,
				30B5A2AF2BFACFE90030183A /* WarlockInterface.mm in Sources */,
				306912E12B5E7E1D00B14F73 /* Warlock.swift in Sources */,
			);
			runOnlyForDeploymentPostprocessing = 0;
		};
/* End PBXSourcesBuildPhase section */

/* Begin XCBuildConfiguration section */
		306912DA2B5E7D7500B14F73 /* Debug */ = {
			isa = XCBuildConfiguration;
			buildSettings = {
				ALWAYS_SEARCH_USER_PATHS = NO;
				ASSETCATALOG_COMPILER_GENERATE_SWIFT_ASSET_SYMBOL_EXTENSIONS = YES;
				CLANG_ANALYZER_NONNULL = YES;
				CLANG_ANALYZER_NUMBER_OBJECT_CONVERSION = YES_AGGRESSIVE;
				CLANG_CXX_LANGUAGE_STANDARD = "gnu++20";
				CLANG_ENABLE_MODULES = YES;
				CLANG_ENABLE_OBJC_ARC = YES;
				CLANG_ENABLE_OBJC_WEAK = YES;
				CLANG_WARN_BLOCK_CAPTURE_AUTORELEASING = YES;
				CLANG_WARN_BOOL_CONVERSION = YES;
				CLANG_WARN_COMMA = YES;
				CLANG_WARN_CONSTANT_CONVERSION = YES;
				CLANG_WARN_DEPRECATED_OBJC_IMPLEMENTATIONS = YES;
				CLANG_WARN_DIRECT_OBJC_ISA_USAGE = YES_ERROR;
				CLANG_WARN_DOCUMENTATION_COMMENTS = YES;
				CLANG_WARN_EMPTY_BODY = YES;
				CLANG_WARN_ENUM_CONVERSION = YES;
				CLANG_WARN_INFINITE_RECURSION = YES;
				CLANG_WARN_INT_CONVERSION = YES;
				CLANG_WARN_NON_LITERAL_NULL_CONVERSION = YES;
				CLANG_WARN_OBJC_IMPLICIT_RETAIN_SELF = YES;
				CLANG_WARN_OBJC_LITERAL_CONVERSION = YES;
				CLANG_WARN_OBJC_ROOT_CLASS = YES_ERROR;
				CLANG_WARN_QUOTED_INCLUDE_IN_FRAMEWORK_HEADER = YES;
				CLANG_WARN_RANGE_LOOP_ANALYSIS = YES;
				CLANG_WARN_STRICT_PROTOTYPES = YES;
				CLANG_WARN_SUSPICIOUS_MOVE = YES;
				CLANG_WARN_UNGUARDED_AVAILABILITY = YES_AGGRESSIVE;
				CLANG_WARN_UNREACHABLE_CODE = YES;
				CLANG_WARN__DUPLICATE_METHOD_MATCH = YES;
				COPY_PHASE_STRIP = NO;
				DEBUG_INFORMATION_FORMAT = dwarf;
				ENABLE_STRICT_OBJC_MSGSEND = YES;
				ENABLE_TESTABILITY = YES;
				ENABLE_USER_SCRIPT_SANDBOXING = YES;
				GCC_C_LANGUAGE_STANDARD = gnu17;
				GCC_DYNAMIC_NO_PIC = NO;
				GCC_NO_COMMON_BLOCKS = YES;
				GCC_OPTIMIZATION_LEVEL = 0;
				GCC_PREPROCESSOR_DEFINITIONS = (
					"DEBUG=1",
					"$(inherited)",
				);
				GCC_WARN_64_TO_32_BIT_CONVERSION = YES;
				GCC_WARN_ABOUT_RETURN_TYPE = YES_ERROR;
				GCC_WARN_UNDECLARED_SELECTOR = YES;
				GCC_WARN_UNINITIALIZED_AUTOS = YES_AGGRESSIVE;
				GCC_WARN_UNUSED_FUNCTION = YES;
				GCC_WARN_UNUSED_VARIABLE = YES;
				LOCALIZATION_PREFERS_STRING_CATALOGS = YES;
				MACOSX_DEPLOYMENT_TARGET = 14.0;
				MTL_ENABLE_DEBUG_INFO = INCLUDE_SOURCE;
				MTL_FAST_MATH = YES;
				ONLY_ACTIVE_ARCH = YES;
				SDKROOT = macosx;
			};
			name = Debug;
		};
		306912DB2B5E7D7500B14F73 /* Release */ = {
			isa = XCBuildConfiguration;
			buildSettings = {
				ALWAYS_SEARCH_USER_PATHS = NO;
				ASSETCATALOG_COMPILER_GENERATE_SWIFT_ASSET_SYMBOL_EXTENSIONS = YES;
				CLANG_ANALYZER_NONNULL = YES;
				CLANG_ANALYZER_NUMBER_OBJECT_CONVERSION = YES_AGGRESSIVE;
				CLANG_CXX_LANGUAGE_STANDARD = "gnu++20";
				CLANG_ENABLE_MODULES = YES;
				CLANG_ENABLE_OBJC_ARC = YES;
				CLANG_ENABLE_OBJC_WEAK = YES;
				CLANG_WARN_BLOCK_CAPTURE_AUTORELEASING = YES;
				CLANG_WARN_BOOL_CONVERSION = YES;
				CLANG_WARN_COMMA = YES;
				CLANG_WARN_CONSTANT_CONVERSION = YES;
				CLANG_WARN_DEPRECATED_OBJC_IMPLEMENTATIONS = YES;
				CLANG_WARN_DIRECT_OBJC_ISA_USAGE = YES_ERROR;
				CLANG_WARN_DOCUMENTATION_COMMENTS = YES;
				CLANG_WARN_EMPTY_BODY = YES;
				CLANG_WARN_ENUM_CONVERSION = YES;
				CLANG_WARN_INFINITE_RECURSION = YES;
				CLANG_WARN_INT_CONVERSION = YES;
				CLANG_WARN_NON_LITERAL_NULL_CONVERSION = YES;
				CLANG_WARN_OBJC_IMPLICIT_RETAIN_SELF = YES;
				CLANG_WARN_OBJC_LITERAL_CONVERSION = YES;
				CLANG_WARN_OBJC_ROOT_CLASS = YES_ERROR;
				CLANG_WARN_QUOTED_INCLUDE_IN_FRAMEWORK_HEADER = YES;
				CLANG_WARN_RANGE_LOOP_ANALYSIS = YES;
				CLANG_WARN_STRICT_PROTOTYPES = YES;
				CLANG_WARN_SUSPICIOUS_MOVE = YES;
				CLANG_WARN_UNGUARDED_AVAILABILITY = YES_AGGRESSIVE;
				CLANG_WARN_UNREACHABLE_CODE = YES;
				CLANG_WARN__DUPLICATE_METHOD_MATCH = YES;
				COPY_PHASE_STRIP = NO;
				DEBUG_INFORMATION_FORMAT = "dwarf-with-dsym";
				ENABLE_NS_ASSERTIONS = NO;
				ENABLE_STRICT_OBJC_MSGSEND = YES;
				ENABLE_USER_SCRIPT_SANDBOXING = YES;
				GCC_C_LANGUAGE_STANDARD = gnu17;
				GCC_NO_COMMON_BLOCKS = YES;
				GCC_WARN_64_TO_32_BIT_CONVERSION = YES;
				GCC_WARN_ABOUT_RETURN_TYPE = YES_ERROR;
				GCC_WARN_UNDECLARED_SELECTOR = YES;
				GCC_WARN_UNINITIALIZED_AUTOS = YES_AGGRESSIVE;
				GCC_WARN_UNUSED_FUNCTION = YES;
				GCC_WARN_UNUSED_VARIABLE = YES;
				LOCALIZATION_PREFERS_STRING_CATALOGS = YES;
				MACOSX_DEPLOYMENT_TARGET = 14.0;
				MTL_ENABLE_DEBUG_INFO = NO;
				MTL_FAST_MATH = YES;
				SDKROOT = macosx;
			};
			name = Release;
		};
		306912DD2B5E7D7500B14F73 /* Debug */ = {
			isa = XCBuildConfiguration;
			buildSettings = {
				ASSETCATALOG_COMPILER_APPICON_NAME = AppIcon;
				ASSETCATALOG_COMPILER_GLOBAL_ACCENT_COLOR_NAME = AccentColor;
				CLANG_ENABLE_MODULES = YES;
				CODE_SIGN_ENTITLEMENTS = "Warlock-macOS/Project_macOS.entitlements";
				CODE_SIGN_STYLE = Automatic;
				COMBINE_HIDPI_IMAGES = YES;
				CURRENT_PROJECT_VERSION = 1;
				DEVELOPMENT_TEAM = AFP6SAXN8A;
				ENABLE_HARDENED_RUNTIME = YES;
				GENERATE_INFOPLIST_FILE = YES;
				HEADER_SEARCH_PATHS = (
					../../Libraries/Balefire/CPP/Headers,
					../../Libraries/Vulkanize/CPP/Headers,
					../../Libraries/glslang,
				);
				INFOPLIST_KEY_NSHumanReadableCopyright = "";
				INFOPLIST_KEY_NSMainNibFile = MainMenu;
				INFOPLIST_KEY_NSPrincipalClass = NSApplication;
				LD_RUNPATH_SEARCH_PATHS = (
					"$(inherited)",
					"@executable_path/../Frameworks",
				);
				LIBRARY_SEARCH_PATHS = ../../Libraries/glslang/build/install/lib;
				MARKETING_VERSION = 1.0;
				PRODUCT_BUNDLE_IDENTIFIER = "dev.warlock.Warlock-macOS";
				PRODUCT_NAME = "$(TARGET_NAME)";
				SWIFT_EMIT_LOC_STRINGS = YES;
				SWIFT_OBJC_BRIDGING_HEADER = "Warlock-Bridging-Header.h";
				SWIFT_OPTIMIZATION_LEVEL = "-Onone";
				SWIFT_VERSION = 5.0;
				SYSTEM_HEADER_SEARCH_PATHS = (
					"\"$(SRCROOT)/../../Libraries/MoltenVK/MoltenVK/include\"",
					"\"$(SRCROOT)/../../Libraries/glm\"",
				);
			};
			name = Debug;
		};
		306912DE2B5E7D7500B14F73 /* Release */ = {
			isa = XCBuildConfiguration;
			buildSettings = {
				ASSETCATALOG_COMPILER_APPICON_NAME = AppIcon;
				ASSETCATALOG_COMPILER_GLOBAL_ACCENT_COLOR_NAME = AccentColor;
				CLANG_ENABLE_MODULES = YES;
				CODE_SIGN_ENTITLEMENTS = "Warlock-macOS/Project_macOS.entitlements";
				CODE_SIGN_STYLE = Automatic;
				COMBINE_HIDPI_IMAGES = YES;
				CURRENT_PROJECT_VERSION = 1;
				DEVELOPMENT_TEAM = AFP6SAXN8A;
				ENABLE_HARDENED_RUNTIME = YES;
				GENERATE_INFOPLIST_FILE = YES;
				HEADER_SEARCH_PATHS = (
					../../Libraries/Balefire/CPP/Headers,
					../../Libraries/Vulkanize/CPP/Headers,
					../../Libraries/glslang,
				);
				INFOPLIST_KEY_NSHumanReadableCopyright = "";
				INFOPLIST_KEY_NSMainNibFile = MainMenu;
				INFOPLIST_KEY_NSPrincipalClass = NSApplication;
				LD_RUNPATH_SEARCH_PATHS = (
					"$(inherited)",
					"@executable_path/../Frameworks",
				);
				LIBRARY_SEARCH_PATHS = ../../Libraries/glslang/build/install/lib;
				MARKETING_VERSION = 1.0;
				PRODUCT_BUNDLE_IDENTIFIER = "dev.warlock.Warlock-macOS";
				PRODUCT_NAME = "$(TARGET_NAME)";
				SWIFT_EMIT_LOC_STRINGS = YES;
				SWIFT_OBJC_BRIDGING_HEADER = "Warlock-Bridging-Header.h";
				SWIFT_VERSION = 5.0;
				SYSTEM_HEADER_SEARCH_PATHS = (
					"\"$(SRCROOT)/../../Libraries/MoltenVK/MoltenVK/include\"",
					"\"$(SRCROOT)/../../Libraries/glm\"",
				);
			};
			name = Release;
		};
/* End XCBuildConfiguration section */

/* Begin XCConfigurationList section */
		306912C72B5E7D7400B14F73 /* Build configuration list for PBXProject "Warlock-macOS" */ = {
			isa = XCConfigurationList;
			buildConfigurations = (
				306912DA2B5E7D7500B14F73 /* Debug */,
				306912DB2B5E7D7500B14F73 /* Release */,
			);
			defaultConfigurationIsVisible = 0;
			defaultConfigurationName = Release;
		};
		306912DC2B5E7D7500B14F73 /* Build configuration list for PBXNativeTarget "Warlock-macOS" */ = {
			isa = XCConfigurationList;
			buildConfigurations = (
				306912DD2B5E7D7500B14F73 /* Debug */,
				306912DE2B5E7D7500B14F73 /* Release */,
			);
			defaultConfigurationIsVisible = 0;
			defaultConfigurationName = Release;
		};
/* End XCConfigurationList section */
	};
	rootObject = 306912C42B5E7D7400B14F73 /* Project object */;
}
