// !$*UTF8*$!
{
	archiveVersion = 1;
	classes = {
	};
	objectVersion = 56;
	objects = {

/* Begin PBXBuildFile section */
		3004D1EA2BBDA14000572087 /* Image.cpp in Sources */ = {isa = PBXBuildFile; fileRef = 3004D1E82BBDA14000572087 /* Image.cpp */; };
		3004D1EB2BBDA14000572087 /* ConfigureDepthStencil.cpp in Sources */ = {isa = PBXBuildFile; fileRef = 3004D1E92BBDA14000572087 /* ConfigureDepthStencil.cpp */; };
		3004D1EE2BBDB20700572087 /* ConfigureQueues.cpp in Sources */ = {isa = PBXBuildFile; fileRef = 3004D1ED2BBDB20700572087 /* ConfigureQueues.cpp */; };
		3004D1FE2BC05A2700572087 /* ConfigureRenderPasses.cpp in Sources */ = {isa = PBXBuildFile; fileRef = 3004D1FD2BC05A2700572087 /* ConfigureRenderPasses.cpp */; };
		300C71CB2BC1833600FFBB85 /* ConfigureGraphicsPipeline.cpp in Sources */ = {isa = PBXBuildFile; fileRef = 300C71BF2BC1833600FFBB85 /* ConfigureGraphicsPipeline.cpp */; };
		300C71D82BC192B300FFBB85 /* ConfigureSemaphores.cpp in Sources */ = {isa = PBXBuildFile; fileRef = 300C71D32BC192B300FFBB85 /* ConfigureSemaphores.cpp */; };
		300C71D92BC192B300FFBB85 /* ConfigureCommandPool.cpp in Sources */ = {isa = PBXBuildFile; fileRef = 300C71D42BC192B300FFBB85 /* ConfigureCommandPool.cpp */; };
		300C71DA2BC192B300FFBB85 /* ConfigureFences.cpp in Sources */ = {isa = PBXBuildFile; fileRef = 300C71D52BC192B300FFBB85 /* ConfigureFences.cpp */; };
		300C71DB2BC192B300FFBB85 /* ConfigureCommandBuffers.cpp in Sources */ = {isa = PBXBuildFile; fileRef = 300C71D62BC192B300FFBB85 /* ConfigureCommandBuffers.cpp */; };
		300C71DC2BC192B300FFBB85 /* ConfigureFramebuffers.cpp in Sources */ = {isa = PBXBuildFile; fileRef = 300C71D72BC192B300FFBB85 /* ConfigureFramebuffers.cpp */; };
		300C71E12BC1AD2C00FFBB85 /* RenderBegin.cpp in Sources */ = {isa = PBXBuildFile; fileRef = 300C71DF2BC1AD2C00FFBB85 /* RenderBegin.cpp */; };
		300C71E22BC1AD2C00FFBB85 /* RenderEnd.cpp in Sources */ = {isa = PBXBuildFile; fileRef = 300C71E02BC1AD2C00FFBB85 /* RenderEnd.cpp */; };
		300C71E42BC42C8A00FFBB85 /* CompileShader.cpp in Sources */ = {isa = PBXBuildFile; fileRef = 300C71E32BC42C8A00FFBB85 /* CompileShader.cpp */; };
		301985302B94DC6000CBECCB /* Window.cpp in Sources */ = {isa = PBXBuildFile; fileRef = 3019850D2B94DC6000CBECCB /* Window.cpp */; };
		301985322B94DC6000CBECCB /* String.cpp in Sources */ = {isa = PBXBuildFile; fileRef = 3019850F2B94DC6000CBECCB /* String.cpp */; };
		301985332B94DC6000CBECCB /* Renderer.cpp in Sources */ = {isa = PBXBuildFile; fileRef = 301985102B94DC6000CBECCB /* Renderer.cpp */; };
		301985362B94DC6000CBECCB /* FrameworkSDL.cpp in Sources */ = {isa = PBXBuildFile; fileRef = 301985142B94DC6000CBECCB /* FrameworkSDL.cpp */; };
		301985372B94DC6000CBECCB /* FrameworkSDLVulkan.cpp in Sources */ = {isa = PBXBuildFile; fileRef = 301985152B94DC6000CBECCB /* FrameworkSDLVulkan.cpp */; };
		301985382B94DC6000CBECCB /* VkBootstrap.cpp in Sources */ = {isa = PBXBuildFile; fileRef = 301985172B94DC6000CBECCB /* VkBootstrap.cpp */; };
		301985392B94DC6000CBECCB /* RendererVulkan.cpp in Sources */ = {isa = PBXBuildFile; fileRef = 301985182B94DC6000CBECCB /* RendererVulkan.cpp */; };
		3019853B2B94DDBB00CBECCB /* Framework.cpp in Sources */ = {isa = PBXBuildFile; fileRef = 3019853A2B94DDBB00CBECCB /* Framework.cpp */; };
		3049E6A72B94FBF4008554DD /* Balefire.cpp in Sources */ = {isa = PBXBuildFile; fileRef = 3049E6A62B94FBF4008554DD /* Balefire.cpp */; };
		3049E6AE2B952FBE008554DD /* WindowRenderContextVulkan.cpp in Sources */ = {isa = PBXBuildFile; fileRef = 3049E6AD2B952FBE008554DD /* WindowRenderContextVulkan.cpp */; };
		3049E6B02B953545008554DD /* WindowFrameworkContextSDL.cpp in Sources */ = {isa = PBXBuildFile; fileRef = 3049E6AF2B953545008554DD /* WindowFrameworkContextSDL.cpp */; };
		305AA2AF2BAF48E200BDAE68 /* ConfigureDevice.cpp in Sources */ = {isa = PBXBuildFile; fileRef = 305AA2AE2BAF48E200BDAE68 /* ConfigureDevice.cpp */; };
		305AA2B12BAF4B5600BDAE68 /* Operation.cpp in Sources */ = {isa = PBXBuildFile; fileRef = 305AA2B02BAF4B5600BDAE68 /* Operation.cpp */; };
		305AA2C42BB0EDF800BDAE68 /* ConfigureFormats.cpp in Sources */ = {isa = PBXBuildFile; fileRef = 305AA2C22BB0EDF800BDAE68 /* ConfigureFormats.cpp */; };
		305AA2C52BB0EDF800BDAE68 /* ConfigureSwapchain.cpp in Sources */ = {isa = PBXBuildFile; fileRef = 305AA2C32BB0EDF800BDAE68 /* ConfigureSwapchain.cpp */; };
		305AA2D52BB1041300BDAE68 /* ConfigureSurfaceSize.cpp in Sources */ = {isa = PBXBuildFile; fileRef = 305AA2D42BB1041300BDAE68 /* ConfigureSurfaceSize.cpp */; };
		306912D12B5E7D7400B14F73 /* AppDelegate.m in Sources */ = {isa = PBXBuildFile; fileRef = 306912D02B5E7D7400B14F73 /* AppDelegate.m */; };
		306912D32B5E7D7500B14F73 /* Assets.xcassets in Resources */ = {isa = PBXBuildFile; fileRef = 306912D22B5E7D7500B14F73 /* Assets.xcassets */; };
		306912E12B5E7E1D00B14F73 /* Warlock.swift in Sources */ = {isa = PBXBuildFile; fileRef = 306912E02B5E7E1D00B14F73 /* Warlock.swift */; };
		3069132E2B5E8A1A00B14F73 /* Main.cpp in Sources */ = {isa = PBXBuildFile; fileRef = 3069132C2B5E8A1A00B14F73 /* Main.cpp */; };
		306913582B5E98C400B14F73 /* SDL2.framework in Frameworks */ = {isa = PBXBuildFile; fileRef = 306913402B5E8D1100B14F73 /* SDL2.framework */; };
		306913592B5E98C400B14F73 /* SDL2.framework in Embed Frameworks */ = {isa = PBXBuildFile; fileRef = 306913402B5E8D1100B14F73 /* SDL2.framework */; settings = {ATTRIBUTES = (CodeSignOnCopy, RemoveHeadersOnCopy, ); }; };
		306913732B5E9D4600B14F73 /* MoltenVK.xcframework in Frameworks */ = {isa = PBXBuildFile; fileRef = 306913672B5E9D4600B14F73 /* MoltenVK.xcframework */; };
		306913BC2B5EAFC900B14F73 /* vulkan.cppm in Resources */ = {isa = PBXBuildFile; fileRef = 3069139D2B5EAFC900B14F73 /* vulkan.cppm */; };
		307706332BA896D500122E50 /* Vulkanize.cpp in Sources */ = {isa = PBXBuildFile; fileRef = 307706302BA896D500122E50 /* Vulkanize.cpp */; };
		307706362BA8B3AC00122E50 /* Context.cpp in Sources */ = {isa = PBXBuildFile; fileRef = 307706352BA8B3AC00122E50 /* Context.cpp */; };
		30C79FFD2BC448E3004A98B7 /* libOSDependent.a in Frameworks */ = {isa = PBXBuildFile; fileRef = 30C79F672BC448E3004A98B7 /* libOSDependent.a */; };
		30C7A0002BC448E3004A98B7 /* libGenericCodeGen.a in Frameworks */ = {isa = PBXBuildFile; fileRef = 30C79F6C2BC448E3004A98B7 /* libGenericCodeGen.a */; };
		30C7A0012BC448E3004A98B7 /* libglslang-default-resource-limits.a in Frameworks */ = {isa = PBXBuildFile; fileRef = 30C79F6D2BC448E3004A98B7 /* libglslang-default-resource-limits.a */; };
		30C7A0032BC448E3004A98B7 /* libMachineIndependent.a in Frameworks */ = {isa = PBXBuildFile; fileRef = 30C79F6F2BC448E3004A98B7 /* libMachineIndependent.a */; };
		30C7A0052BC44927004A98B7 /* libglslang.a in Frameworks */ = {isa = PBXBuildFile; fileRef = 30C79F6E2BC448E3004A98B7 /* libglslang.a */; };
/* End PBXBuildFile section */

/* Begin PBXContainerItemProxy section */
		3069133F2B5E8D1100B14F73 /* PBXContainerItemProxy */ = {
			isa = PBXContainerItemProxy;
			containerPortal = 306913312B5E8D1100B14F73 /* SDL.xcodeproj */;
			proxyType = 2;
			remoteGlobalIDString = BECDF66C0761BA81005FE872;
			remoteInfo = Framework;
		};
		306913412B5E8D1100B14F73 /* PBXContainerItemProxy */ = {
			isa = PBXContainerItemProxy;
			containerPortal = 306913312B5E8D1100B14F73 /* SDL.xcodeproj */;
			proxyType = 2;
			remoteGlobalIDString = A7D88B5423E2437C00DCD162;
			remoteInfo = "Framework-iOS";
		};
		306913432B5E8D1100B14F73 /* PBXContainerItemProxy */ = {
			isa = PBXContainerItemProxy;
			containerPortal = 306913312B5E8D1100B14F73 /* SDL.xcodeproj */;
			proxyType = 2;
			remoteGlobalIDString = A7D88D1523E24BED00DCD162;
			remoteInfo = "Framework-tvOS";
		};
		306913452B5E8D1100B14F73 /* PBXContainerItemProxy */ = {
			isa = PBXContainerItemProxy;
			containerPortal = 306913312B5E8D1100B14F73 /* SDL.xcodeproj */;
			proxyType = 2;
			remoteGlobalIDString = E2D187CF28A5673500D2B4F1;
			remoteInfo = "xcFramework-iOS";
		};
		306913472B5E8D1100B14F73 /* PBXContainerItemProxy */ = {
			isa = PBXContainerItemProxy;
			containerPortal = 306913312B5E8D1100B14F73 /* SDL.xcodeproj */;
			proxyType = 2;
			remoteGlobalIDString = BECDF6B30761BA81005FE872;
			remoteInfo = "Static Library";
		};
		306913492B5E8D1100B14F73 /* PBXContainerItemProxy */ = {
			isa = PBXContainerItemProxy;
			containerPortal = 306913312B5E8D1100B14F73 /* SDL.xcodeproj */;
			proxyType = 2;
			remoteGlobalIDString = A7D88E5423E24D3B00DCD162;
			remoteInfo = "Static Library-iOS";
		};
		3069134B2B5E8D1100B14F73 /* PBXContainerItemProxy */ = {
			isa = PBXContainerItemProxy;
			containerPortal = 306913312B5E8D1100B14F73 /* SDL.xcodeproj */;
			proxyType = 2;
			remoteGlobalIDString = A769B23D23E259AE00872273;
			remoteInfo = "Static Library-tvOS";
		};
		3069134D2B5E8D1100B14F73 /* PBXContainerItemProxy */ = {
			isa = PBXContainerItemProxy;
			containerPortal = 306913312B5E8D1100B14F73 /* SDL.xcodeproj */;
			proxyType = 2;
			remoteGlobalIDString = DB31407717554B71006C0E22;
			remoteInfo = "Shared Library";
		};
		3069134F2B5E8D1100B14F73 /* PBXContainerItemProxy */ = {
			isa = PBXContainerItemProxy;
			containerPortal = 306913312B5E8D1100B14F73 /* SDL.xcodeproj */;
			proxyType = 2;
			remoteGlobalIDString = A75FCEB323E25AB700529352;
			remoteInfo = "Shared Library-iOS";
		};
		306913512B5E8D1100B14F73 /* PBXContainerItemProxy */ = {
			isa = PBXContainerItemProxy;
			containerPortal = 306913312B5E8D1100B14F73 /* SDL.xcodeproj */;
			proxyType = 2;
			remoteGlobalIDString = A75FD06C23E25AC700529352;
			remoteInfo = "Shared Library-tvOS";
		};
		306913532B5E8D1100B14F73 /* PBXContainerItemProxy */ = {
			isa = PBXContainerItemProxy;
			containerPortal = 306913312B5E8D1100B14F73 /* SDL.xcodeproj */;
			proxyType = 2;
			remoteGlobalIDString = BECDF6BE0761BA81005FE872;
			remoteInfo = "Standard DMG";
		};
/* End PBXContainerItemProxy section */

/* Begin PBXCopyFilesBuildPhase section */
		3069135A2B5E98C400B14F73 /* Embed Frameworks */ = {
			isa = PBXCopyFilesBuildPhase;
			buildActionMask = 2147483647;
			dstPath = "";
			dstSubfolderSpec = 10;
			files = (
				306913592B5E98C400B14F73 /* SDL2.framework in Embed Frameworks */,
			);
			name = "Embed Frameworks";
			runOnlyForDeploymentPostprocessing = 0;
		};
/* End PBXCopyFilesBuildPhase section */

/* Begin PBXFileReference section */
		3004D1DB2BBDA13600572087 /* Image.h */ = {isa = PBXFileReference; lastKnownFileType = sourcecode.c.h; path = Image.h; sourceTree = "<group>"; };
		3004D1E72BBDA13600572087 /* ConfigureDepthStencil.h */ = {isa = PBXFileReference; lastKnownFileType = sourcecode.c.h; path = ConfigureDepthStencil.h; sourceTree = "<group>"; };
		3004D1E82BBDA14000572087 /* Image.cpp */ = {isa = PBXFileReference; fileEncoding = 4; lastKnownFileType = sourcecode.cpp.cpp; path = Image.cpp; sourceTree = "<group>"; };
		3004D1E92BBDA14000572087 /* ConfigureDepthStencil.cpp */ = {isa = PBXFileReference; fileEncoding = 4; lastKnownFileType = sourcecode.cpp.cpp; path = ConfigureDepthStencil.cpp; sourceTree = "<group>"; };
		3004D1EC2BBDB20000572087 /* ConfigureQueues.h */ = {isa = PBXFileReference; fileEncoding = 4; lastKnownFileType = sourcecode.c.h; path = ConfigureQueues.h; sourceTree = "<group>"; };
		3004D1ED2BBDB20700572087 /* ConfigureQueues.cpp */ = {isa = PBXFileReference; fileEncoding = 4; lastKnownFileType = sourcecode.cpp.cpp; path = ConfigureQueues.cpp; sourceTree = "<group>"; };
		3004D1F12BC05A0B00572087 /* ConfigureRenderPasses.h */ = {isa = PBXFileReference; lastKnownFileType = sourcecode.c.h; path = ConfigureRenderPasses.h; sourceTree = "<group>"; };
		3004D1FD2BC05A2700572087 /* ConfigureRenderPasses.cpp */ = {isa = PBXFileReference; fileEncoding = 4; lastKnownFileType = sourcecode.cpp.cpp; path = ConfigureRenderPasses.cpp; sourceTree = "<group>"; };
		30089BB22BAC918B00AE818B /* Operation.h */ = {isa = PBXFileReference; lastKnownFileType = sourcecode.c.h; path = Operation.h; sourceTree = "<group>"; };
		300C71BF2BC1833600FFBB85 /* ConfigureGraphicsPipeline.cpp */ = {isa = PBXFileReference; fileEncoding = 4; lastKnownFileType = sourcecode.cpp.cpp; path = ConfigureGraphicsPipeline.cpp; sourceTree = "<group>"; };
		300C71CC2BC1833E00FFBB85 /* ConfigureGraphicsPipeline.h */ = {isa = PBXFileReference; fileEncoding = 4; lastKnownFileType = sourcecode.c.h; path = ConfigureGraphicsPipeline.h; sourceTree = "<group>"; };
		300C71CD2BC1868800FFBB85 /* Types.h */ = {isa = PBXFileReference; fileEncoding = 4; lastKnownFileType = sourcecode.c.h; path = Types.h; sourceTree = "<group>"; };
		300C71CE2BC192A700FFBB85 /* ConfigureFramebuffers.h */ = {isa = PBXFileReference; fileEncoding = 4; lastKnownFileType = sourcecode.c.h; path = ConfigureFramebuffers.h; sourceTree = "<group>"; };
		300C71CF2BC192A700FFBB85 /* ConfigureCommandBuffers.h */ = {isa = PBXFileReference; fileEncoding = 4; lastKnownFileType = sourcecode.c.h; path = ConfigureCommandBuffers.h; sourceTree = "<group>"; };
		300C71D02BC192A700FFBB85 /* ConfigureCommandPool.h */ = {isa = PBXFileReference; fileEncoding = 4; lastKnownFileType = sourcecode.c.h; path = ConfigureCommandPool.h; sourceTree = "<group>"; };
		300C71D12BC192A700FFBB85 /* ConfigureFences.h */ = {isa = PBXFileReference; fileEncoding = 4; lastKnownFileType = sourcecode.c.h; path = ConfigureFences.h; sourceTree = "<group>"; };
		300C71D22BC192A700FFBB85 /* ConfigureSemaphores.h */ = {isa = PBXFileReference; fileEncoding = 4; lastKnownFileType = sourcecode.c.h; path = ConfigureSemaphores.h; sourceTree = "<group>"; };
		300C71D32BC192B300FFBB85 /* ConfigureSemaphores.cpp */ = {isa = PBXFileReference; fileEncoding = 4; lastKnownFileType = sourcecode.cpp.cpp; path = ConfigureSemaphores.cpp; sourceTree = "<group>"; };
		300C71D42BC192B300FFBB85 /* ConfigureCommandPool.cpp */ = {isa = PBXFileReference; fileEncoding = 4; lastKnownFileType = sourcecode.cpp.cpp; path = ConfigureCommandPool.cpp; sourceTree = "<group>"; };
		300C71D52BC192B300FFBB85 /* ConfigureFences.cpp */ = {isa = PBXFileReference; fileEncoding = 4; lastKnownFileType = sourcecode.cpp.cpp; path = ConfigureFences.cpp; sourceTree = "<group>"; };
		300C71D62BC192B300FFBB85 /* ConfigureCommandBuffers.cpp */ = {isa = PBXFileReference; fileEncoding = 4; lastKnownFileType = sourcecode.cpp.cpp; path = ConfigureCommandBuffers.cpp; sourceTree = "<group>"; };
		300C71D72BC192B300FFBB85 /* ConfigureFramebuffers.cpp */ = {isa = PBXFileReference; fileEncoding = 4; lastKnownFileType = sourcecode.cpp.cpp; path = ConfigureFramebuffers.cpp; sourceTree = "<group>"; };
		300C71DD2BC1AD2100FFBB85 /* RenderBegin.h */ = {isa = PBXFileReference; fileEncoding = 4; lastKnownFileType = sourcecode.c.h; path = RenderBegin.h; sourceTree = "<group>"; };
		300C71DE2BC1AD2100FFBB85 /* RenderEnd.h */ = {isa = PBXFileReference; fileEncoding = 4; lastKnownFileType = sourcecode.c.h; path = RenderEnd.h; sourceTree = "<group>"; };
		300C71DF2BC1AD2C00FFBB85 /* RenderBegin.cpp */ = {isa = PBXFileReference; fileEncoding = 4; lastKnownFileType = sourcecode.cpp.cpp; path = RenderBegin.cpp; sourceTree = "<group>"; };
		300C71E02BC1AD2C00FFBB85 /* RenderEnd.cpp */ = {isa = PBXFileReference; fileEncoding = 4; lastKnownFileType = sourcecode.cpp.cpp; path = RenderEnd.cpp; sourceTree = "<group>"; };
		300C71E32BC42C8A00FFBB85 /* CompileShader.cpp */ = {isa = PBXFileReference; fileEncoding = 4; lastKnownFileType = sourcecode.cpp.cpp; path = CompileShader.cpp; sourceTree = "<group>"; };
		300C71E52BC42C9300FFBB85 /* CompileShader.h */ = {isa = PBXFileReference; fileEncoding = 4; lastKnownFileType = sourcecode.c.h; path = CompileShader.h; sourceTree = "<group>"; };
		300C889E2BC431AD00FFBB85 /* arrays.h */ = {isa = PBXFileReference; fileEncoding = 4; lastKnownFileType = sourcecode.c.h; path = arrays.h; sourceTree = "<group>"; };
		300C889F2BC431AD00FFBB85 /* BaseTypes.h */ = {isa = PBXFileReference; fileEncoding = 4; lastKnownFileType = sourcecode.c.h; path = BaseTypes.h; sourceTree = "<group>"; };
		300C88A02BC431AD00FFBB85 /* Common.h */ = {isa = PBXFileReference; fileEncoding = 4; lastKnownFileType = sourcecode.c.h; path = Common.h; sourceTree = "<group>"; };
		300C88A12BC431AD00FFBB85 /* ConstantUnion.h */ = {isa = PBXFileReference; fileEncoding = 4; lastKnownFileType = sourcecode.c.h; path = ConstantUnion.h; sourceTree = "<group>"; };
		300C88A22BC431AD00FFBB85 /* glslang_c_interface.h */ = {isa = PBXFileReference; fileEncoding = 4; lastKnownFileType = sourcecode.c.h; path = glslang_c_interface.h; sourceTree = "<group>"; };
		300C88A32BC431AD00FFBB85 /* glslang_c_shader_types.h */ = {isa = PBXFileReference; fileEncoding = 4; lastKnownFileType = sourcecode.c.h; path = glslang_c_shader_types.h; sourceTree = "<group>"; };
		300C88A42BC431AD00FFBB85 /* InfoSink.h */ = {isa = PBXFileReference; fileEncoding = 4; lastKnownFileType = sourcecode.c.h; path = InfoSink.h; sourceTree = "<group>"; };
		300C88A52BC431AD00FFBB85 /* InitializeGlobals.h */ = {isa = PBXFileReference; fileEncoding = 4; lastKnownFileType = sourcecode.c.h; path = InitializeGlobals.h; sourceTree = "<group>"; };
		300C88A62BC431AD00FFBB85 /* intermediate.h */ = {isa = PBXFileReference; fileEncoding = 4; lastKnownFileType = sourcecode.c.h; path = intermediate.h; sourceTree = "<group>"; };
		300C88A72BC431AD00FFBB85 /* PoolAlloc.h */ = {isa = PBXFileReference; fileEncoding = 4; lastKnownFileType = sourcecode.c.h; path = PoolAlloc.h; sourceTree = "<group>"; };
		300C88A82BC431AD00FFBB85 /* ResourceLimits.h */ = {isa = PBXFileReference; fileEncoding = 4; lastKnownFileType = sourcecode.c.h; path = ResourceLimits.h; sourceTree = "<group>"; };
		300C88A92BC431AD00FFBB85 /* ShHandle.h */ = {isa = PBXFileReference; fileEncoding = 4; lastKnownFileType = sourcecode.c.h; path = ShHandle.h; sourceTree = "<group>"; };
		300C88AA2BC431AD00FFBB85 /* SpirvIntrinsics.h */ = {isa = PBXFileReference; fileEncoding = 4; lastKnownFileType = sourcecode.c.h; path = SpirvIntrinsics.h; sourceTree = "<group>"; };
		300C88AB2BC431AD00FFBB85 /* Types.h */ = {isa = PBXFileReference; fileEncoding = 4; lastKnownFileType = sourcecode.c.h; path = Types.h; sourceTree = "<group>"; };
		300C88AD2BC431D600FFBB85 /* Pp.cpp */ = {isa = PBXFileReference; fileEncoding = 4; lastKnownFileType = sourcecode.cpp.cpp; path = Pp.cpp; sourceTree = "<group>"; };
		300C88AE2BC431D600FFBB85 /* PpAtom.cpp */ = {isa = PBXFileReference; fileEncoding = 4; lastKnownFileType = sourcecode.cpp.cpp; path = PpAtom.cpp; sourceTree = "<group>"; };
		300C88AF2BC431D600FFBB85 /* PpContext.cpp */ = {isa = PBXFileReference; fileEncoding = 4; lastKnownFileType = sourcecode.cpp.cpp; path = PpContext.cpp; sourceTree = "<group>"; };
		300C88B02BC431D600FFBB85 /* PpContext.h */ = {isa = PBXFileReference; fileEncoding = 4; lastKnownFileType = sourcecode.c.h; path = PpContext.h; sourceTree = "<group>"; };
		300C88B12BC431D600FFBB85 /* PpScanner.cpp */ = {isa = PBXFileReference; fileEncoding = 4; lastKnownFileType = sourcecode.cpp.cpp; path = PpScanner.cpp; sourceTree = "<group>"; };
		300C88B22BC431D600FFBB85 /* PpTokens.cpp */ = {isa = PBXFileReference; fileEncoding = 4; lastKnownFileType = sourcecode.cpp.cpp; path = PpTokens.cpp; sourceTree = "<group>"; };
		300C88B32BC431D600FFBB85 /* PpTokens.h */ = {isa = PBXFileReference; fileEncoding = 4; lastKnownFileType = sourcecode.c.h; path = PpTokens.h; sourceTree = "<group>"; };
		300C88B52BC431D600FFBB85 /* attribute.cpp */ = {isa = PBXFileReference; fileEncoding = 4; lastKnownFileType = sourcecode.cpp.cpp; path = attribute.cpp; sourceTree = "<group>"; };
		300C88B62BC431D600FFBB85 /* attribute.h */ = {isa = PBXFileReference; fileEncoding = 4; lastKnownFileType = sourcecode.c.h; path = attribute.h; sourceTree = "<group>"; };
		300C88B72BC431D600FFBB85 /* Constant.cpp */ = {isa = PBXFileReference; fileEncoding = 4; lastKnownFileType = sourcecode.cpp.cpp; path = Constant.cpp; sourceTree = "<group>"; };
		300C88B82BC431D600FFBB85 /* gl_types.h */ = {isa = PBXFileReference; fileEncoding = 4; lastKnownFileType = sourcecode.c.h; path = gl_types.h; sourceTree = "<group>"; };
		300C88B92BC431D600FFBB85 /* glslang_tab.cpp */ = {isa = PBXFileReference; fileEncoding = 4; lastKnownFileType = sourcecode.cpp.cpp; path = glslang_tab.cpp; sourceTree = "<group>"; };
		300C88BA2BC431D600FFBB85 /* glslang_tab.cpp.h */ = {isa = PBXFileReference; fileEncoding = 4; lastKnownFileType = sourcecode.c.h; path = glslang_tab.cpp.h; sourceTree = "<group>"; };
		300C88BB2BC431D600FFBB85 /* glslang.y */ = {isa = PBXFileReference; fileEncoding = 4; lastKnownFileType = sourcecode.yacc; path = glslang.y; sourceTree = "<group>"; };
		300C88BC2BC431D600FFBB85 /* InfoSink.cpp */ = {isa = PBXFileReference; fileEncoding = 4; lastKnownFileType = sourcecode.cpp.cpp; path = InfoSink.cpp; sourceTree = "<group>"; };
		300C88BD2BC431D600FFBB85 /* Initialize.cpp */ = {isa = PBXFileReference; fileEncoding = 4; lastKnownFileType = sourcecode.cpp.cpp; path = Initialize.cpp; sourceTree = "<group>"; };
		300C88BE2BC431D600FFBB85 /* Initialize.h */ = {isa = PBXFileReference; fileEncoding = 4; lastKnownFileType = sourcecode.c.h; path = Initialize.h; sourceTree = "<group>"; };
		300C88BF2BC431D600FFBB85 /* Intermediate.cpp */ = {isa = PBXFileReference; fileEncoding = 4; lastKnownFileType = sourcecode.cpp.cpp; path = Intermediate.cpp; sourceTree = "<group>"; };
		300C88C02BC431D600FFBB85 /* intermOut.cpp */ = {isa = PBXFileReference; fileEncoding = 4; lastKnownFileType = sourcecode.cpp.cpp; path = intermOut.cpp; sourceTree = "<group>"; };
		300C88C12BC431D600FFBB85 /* IntermTraverse.cpp */ = {isa = PBXFileReference; fileEncoding = 4; lastKnownFileType = sourcecode.cpp.cpp; path = IntermTraverse.cpp; sourceTree = "<group>"; };
		300C88C22BC431D600FFBB85 /* iomapper.cpp */ = {isa = PBXFileReference; fileEncoding = 4; lastKnownFileType = sourcecode.cpp.cpp; path = iomapper.cpp; sourceTree = "<group>"; };
		300C88C32BC431D600FFBB85 /* iomapper.h */ = {isa = PBXFileReference; fileEncoding = 4; lastKnownFileType = sourcecode.c.h; path = iomapper.h; sourceTree = "<group>"; };
		300C88C42BC431D600FFBB85 /* limits.cpp */ = {isa = PBXFileReference; fileEncoding = 4; lastKnownFileType = sourcecode.cpp.cpp; path = limits.cpp; sourceTree = "<group>"; };
		300C88C52BC431D600FFBB85 /* linkValidate.cpp */ = {isa = PBXFileReference; fileEncoding = 4; lastKnownFileType = sourcecode.cpp.cpp; path = linkValidate.cpp; sourceTree = "<group>"; };
		300C88C62BC431D600FFBB85 /* LiveTraverser.h */ = {isa = PBXFileReference; fileEncoding = 4; lastKnownFileType = sourcecode.c.h; path = LiveTraverser.h; sourceTree = "<group>"; };
		300C88C72BC431D600FFBB85 /* localintermediate.h */ = {isa = PBXFileReference; fileEncoding = 4; lastKnownFileType = sourcecode.c.h; path = localintermediate.h; sourceTree = "<group>"; };
		300C88C82BC431D600FFBB85 /* parseConst.cpp */ = {isa = PBXFileReference; fileEncoding = 4; lastKnownFileType = sourcecode.cpp.cpp; path = parseConst.cpp; sourceTree = "<group>"; };
		300C88C92BC431D600FFBB85 /* ParseContextBase.cpp */ = {isa = PBXFileReference; fileEncoding = 4; lastKnownFileType = sourcecode.cpp.cpp; path = ParseContextBase.cpp; sourceTree = "<group>"; };
		300C88CA2BC431D600FFBB85 /* ParseHelper.cpp */ = {isa = PBXFileReference; fileEncoding = 4; lastKnownFileType = sourcecode.cpp.cpp; path = ParseHelper.cpp; sourceTree = "<group>"; };
		300C88CB2BC431D600FFBB85 /* ParseHelper.h */ = {isa = PBXFileReference; fileEncoding = 4; lastKnownFileType = sourcecode.c.h; path = ParseHelper.h; sourceTree = "<group>"; };
		300C88CC2BC431D600FFBB85 /* parseVersions.h */ = {isa = PBXFileReference; fileEncoding = 4; lastKnownFileType = sourcecode.c.h; path = parseVersions.h; sourceTree = "<group>"; };
		300C88CD2BC431D600FFBB85 /* pch.h */ = {isa = PBXFileReference; fileEncoding = 4; lastKnownFileType = sourcecode.c.h; path = pch.h; sourceTree = "<group>"; };
		300C88CE2BC431D600FFBB85 /* PoolAlloc.cpp */ = {isa = PBXFileReference; fileEncoding = 4; lastKnownFileType = sourcecode.cpp.cpp; path = PoolAlloc.cpp; sourceTree = "<group>"; };
		300C88CF2BC431D600FFBB85 /* propagateNoContraction.cpp */ = {isa = PBXFileReference; fileEncoding = 4; lastKnownFileType = sourcecode.cpp.cpp; path = propagateNoContraction.cpp; sourceTree = "<group>"; };
		300C88D02BC431D600FFBB85 /* propagateNoContraction.h */ = {isa = PBXFileReference; fileEncoding = 4; lastKnownFileType = sourcecode.c.h; path = propagateNoContraction.h; sourceTree = "<group>"; };
		300C88D12BC431D600FFBB85 /* reflection.cpp */ = {isa = PBXFileReference; fileEncoding = 4; lastKnownFileType = sourcecode.cpp.cpp; path = reflection.cpp; sourceTree = "<group>"; };
		300C88D22BC431D600FFBB85 /* reflection.h */ = {isa = PBXFileReference; fileEncoding = 4; lastKnownFileType = sourcecode.c.h; path = reflection.h; sourceTree = "<group>"; };
		300C88D32BC431D600FFBB85 /* RemoveTree.cpp */ = {isa = PBXFileReference; fileEncoding = 4; lastKnownFileType = sourcecode.cpp.cpp; path = RemoveTree.cpp; sourceTree = "<group>"; };
		300C88D42BC431D600FFBB85 /* RemoveTree.h */ = {isa = PBXFileReference; fileEncoding = 4; lastKnownFileType = sourcecode.c.h; path = RemoveTree.h; sourceTree = "<group>"; };
		300C88D52BC431D600FFBB85 /* Scan.cpp */ = {isa = PBXFileReference; fileEncoding = 4; lastKnownFileType = sourcecode.cpp.cpp; path = Scan.cpp; sourceTree = "<group>"; };
		300C88D62BC431D600FFBB85 /* Scan.h */ = {isa = PBXFileReference; fileEncoding = 4; lastKnownFileType = sourcecode.c.h; path = Scan.h; sourceTree = "<group>"; };
		300C88D72BC431D600FFBB85 /* ScanContext.h */ = {isa = PBXFileReference; fileEncoding = 4; lastKnownFileType = sourcecode.c.h; path = ScanContext.h; sourceTree = "<group>"; };
		300C88D82BC431D600FFBB85 /* ShaderLang.cpp */ = {isa = PBXFileReference; fileEncoding = 4; lastKnownFileType = sourcecode.cpp.cpp; path = ShaderLang.cpp; sourceTree = "<group>"; };
		300C88D92BC431D600FFBB85 /* span.h */ = {isa = PBXFileReference; fileEncoding = 4; lastKnownFileType = sourcecode.c.h; path = span.h; sourceTree = "<group>"; };
		300C88DA2BC431D600FFBB85 /* SpirvIntrinsics.cpp */ = {isa = PBXFileReference; fileEncoding = 4; lastKnownFileType = sourcecode.cpp.cpp; path = SpirvIntrinsics.cpp; sourceTree = "<group>"; };
		300C88DB2BC431D600FFBB85 /* SymbolTable.cpp */ = {isa = PBXFileReference; fileEncoding = 4; lastKnownFileType = sourcecode.cpp.cpp; path = SymbolTable.cpp; sourceTree = "<group>"; };
		300C88DC2BC431D600FFBB85 /* SymbolTable.h */ = {isa = PBXFileReference; fileEncoding = 4; lastKnownFileType = sourcecode.c.h; path = SymbolTable.h; sourceTree = "<group>"; };
		300C88DD2BC431D600FFBB85 /* Versions.cpp */ = {isa = PBXFileReference; fileEncoding = 4; lastKnownFileType = sourcecode.cpp.cpp; path = Versions.cpp; sourceTree = "<group>"; };
		300C88DE2BC431D600FFBB85 /* Versions.h */ = {isa = PBXFileReference; fileEncoding = 4; lastKnownFileType = sourcecode.c.h; path = Versions.h; sourceTree = "<group>"; };
		300C88FD2BC4320800FFBB85 /* glslang_c_interface.cpp */ = {isa = PBXFileReference; fileEncoding = 4; lastKnownFileType = sourcecode.cpp.cpp; path = glslang_c_interface.cpp; sourceTree = "<group>"; };
		3019850D2B94DC6000CBECCB /* Window.cpp */ = {isa = PBXFileReference; fileEncoding = 4; lastKnownFileType = sourcecode.cpp.cpp; path = Window.cpp; sourceTree = "<group>"; };
		3019850F2B94DC6000CBECCB /* String.cpp */ = {isa = PBXFileReference; fileEncoding = 4; lastKnownFileType = sourcecode.cpp.cpp; path = String.cpp; sourceTree = "<group>"; };
		301985102B94DC6000CBECCB /* Renderer.cpp */ = {isa = PBXFileReference; fileEncoding = 4; lastKnownFileType = sourcecode.cpp.cpp; path = Renderer.cpp; sourceTree = "<group>"; };
		301985142B94DC6000CBECCB /* FrameworkSDL.cpp */ = {isa = PBXFileReference; fileEncoding = 4; lastKnownFileType = sourcecode.cpp.cpp; path = FrameworkSDL.cpp; sourceTree = "<group>"; };
		301985152B94DC6000CBECCB /* FrameworkSDLVulkan.cpp */ = {isa = PBXFileReference; fileEncoding = 4; lastKnownFileType = sourcecode.cpp.cpp; path = FrameworkSDLVulkan.cpp; sourceTree = "<group>"; };
		301985172B94DC6000CBECCB /* VkBootstrap.cpp */ = {isa = PBXFileReference; fileEncoding = 4; lastKnownFileType = sourcecode.cpp.cpp; path = VkBootstrap.cpp; sourceTree = "<group>"; };
		301985182B94DC6000CBECCB /* RendererVulkan.cpp */ = {isa = PBXFileReference; fileEncoding = 4; lastKnownFileType = sourcecode.cpp.cpp; path = RendererVulkan.cpp; sourceTree = "<group>"; };
		3019851C2B94DC6000CBECCB /* DiscreteData.h */ = {isa = PBXFileReference; fileEncoding = 4; lastKnownFileType = sourcecode.c.h; path = DiscreteData.h; sourceTree = "<group>"; };
		3019851D2B94DC6000CBECCB /* Types.h */ = {isa = PBXFileReference; fileEncoding = 4; lastKnownFileType = sourcecode.c.h; path = Types.h; sourceTree = "<group>"; };
		3019851E2B94DC6000CBECCB /* Renderer.h */ = {isa = PBXFileReference; fileEncoding = 4; lastKnownFileType = sourcecode.c.h; path = Renderer.h; sourceTree = "<group>"; };
		3019851F2B94DC6000CBECCB /* Window.h */ = {isa = PBXFileReference; fileEncoding = 4; lastKnownFileType = sourcecode.c.h; path = Window.h; sourceTree = "<group>"; };
		301985212B94DC6000CBECCB /* BulkData.h */ = {isa = PBXFileReference; fileEncoding = 4; lastKnownFileType = sourcecode.c.h; path = BulkData.h; sourceTree = "<group>"; };
		301985222B94DC6000CBECCB /* Framework.h */ = {isa = PBXFileReference; fileEncoding = 4; lastKnownFileType = sourcecode.c.h; path = Framework.h; sourceTree = "<group>"; };
		301985232B94DC6000CBECCB /* RefCounted.h */ = {isa = PBXFileReference; fileEncoding = 4; lastKnownFileType = sourcecode.c.h; path = RefCounted.h; sourceTree = "<group>"; };
		301985242B94DC6000CBECCB /* ResourceBank.h */ = {isa = PBXFileReference; fileEncoding = 4; lastKnownFileType = sourcecode.c.h; path = ResourceBank.h; sourceTree = "<group>"; };
		301985252B94DC6000CBECCB /* Ref.h */ = {isa = PBXFileReference; fileEncoding = 4; lastKnownFileType = sourcecode.c.h; path = Ref.h; sourceTree = "<group>"; };
		301985262B94DC6000CBECCB /* String.h */ = {isa = PBXFileReference; fileEncoding = 4; lastKnownFileType = sourcecode.c.h; path = String.h; sourceTree = "<group>"; };
		301985292B94DC6000CBECCB /* FrameworkSDL.h */ = {isa = PBXFileReference; fileEncoding = 4; lastKnownFileType = sourcecode.c.h; path = FrameworkSDL.h; sourceTree = "<group>"; };
		3019852A2B94DC6000CBECCB /* FrameworkSDLVulkan.h */ = {isa = PBXFileReference; fileEncoding = 4; lastKnownFileType = sourcecode.c.h; path = FrameworkSDLVulkan.h; sourceTree = "<group>"; };
		3019852D2B94DC6000CBECCB /* VkBootstrap.h */ = {isa = PBXFileReference; fileEncoding = 4; lastKnownFileType = sourcecode.c.h; path = VkBootstrap.h; sourceTree = "<group>"; };
		3019852E2B94DC6000CBECCB /* VkBootstrapDispatch.h */ = {isa = PBXFileReference; fileEncoding = 4; lastKnownFileType = sourcecode.c.h; path = VkBootstrapDispatch.h; sourceTree = "<group>"; };
		3019852F2B94DC6000CBECCB /* RendererVulkan.h */ = {isa = PBXFileReference; fileEncoding = 4; lastKnownFileType = sourcecode.c.h; path = RendererVulkan.h; sourceTree = "<group>"; };
		3019853A2B94DDBB00CBECCB /* Framework.cpp */ = {isa = PBXFileReference; fileEncoding = 4; lastKnownFileType = sourcecode.cpp.cpp; path = Framework.cpp; sourceTree = "<group>"; };
		3049E6A62B94FBF4008554DD /* Balefire.cpp */ = {isa = PBXFileReference; fileEncoding = 4; lastKnownFileType = sourcecode.cpp.cpp; path = Balefire.cpp; sourceTree = "<group>"; };
		3049E6A82B94FBFD008554DD /* Balefire.h */ = {isa = PBXFileReference; fileEncoding = 4; lastKnownFileType = sourcecode.c.h; path = Balefire.h; sourceTree = "<group>"; };
		3049E6A92B9518C8008554DD /* WindowRenderContext.h */ = {isa = PBXFileReference; fileEncoding = 4; lastKnownFileType = sourcecode.c.h; path = WindowRenderContext.h; sourceTree = "<group>"; };
		3049E6AA2B9518C8008554DD /* WindowFrameworkContext.h */ = {isa = PBXFileReference; fileEncoding = 4; lastKnownFileType = sourcecode.c.h; path = WindowFrameworkContext.h; sourceTree = "<group>"; };
		3049E6AB2B9518D0008554DD /* WindowFrameworkContextSDL.h */ = {isa = PBXFileReference; fileEncoding = 4; lastKnownFileType = sourcecode.c.h; path = WindowFrameworkContextSDL.h; sourceTree = "<group>"; };
		3049E6AC2B9518D9008554DD /* WindowRenderContextVulkan.h */ = {isa = PBXFileReference; fileEncoding = 4; lastKnownFileType = sourcecode.c.h; path = WindowRenderContextVulkan.h; sourceTree = "<group>"; };
		3049E6AD2B952FBE008554DD /* WindowRenderContextVulkan.cpp */ = {isa = PBXFileReference; fileEncoding = 4; lastKnownFileType = sourcecode.cpp.cpp; path = WindowRenderContextVulkan.cpp; sourceTree = "<group>"; };
		3049E6AF2B953545008554DD /* WindowFrameworkContextSDL.cpp */ = {isa = PBXFileReference; fileEncoding = 4; lastKnownFileType = sourcecode.cpp.cpp; path = WindowFrameworkContextSDL.cpp; sourceTree = "<group>"; };
		305AA2AD2BAF48CB00BDAE68 /* ConfigureDevice.h */ = {isa = PBXFileReference; lastKnownFileType = sourcecode.c.h; path = ConfigureDevice.h; sourceTree = "<group>"; };
		305AA2AE2BAF48E200BDAE68 /* ConfigureDevice.cpp */ = {isa = PBXFileReference; fileEncoding = 4; lastKnownFileType = sourcecode.cpp.cpp; path = ConfigureDevice.cpp; sourceTree = "<group>"; };
		305AA2B02BAF4B5600BDAE68 /* Operation.cpp */ = {isa = PBXFileReference; fileEncoding = 4; lastKnownFileType = sourcecode.cpp.cpp; path = Operation.cpp; sourceTree = "<group>"; };
		305AA2B52BB0EDEF00BDAE68 /* ConfigureFormats.h */ = {isa = PBXFileReference; lastKnownFileType = sourcecode.c.h; path = ConfigureFormats.h; sourceTree = "<group>"; };
		305AA2C12BB0EDEF00BDAE68 /* ConfigureSwapchain.h */ = {isa = PBXFileReference; lastKnownFileType = sourcecode.c.h; path = ConfigureSwapchain.h; sourceTree = "<group>"; };
		305AA2C22BB0EDF800BDAE68 /* ConfigureFormats.cpp */ = {isa = PBXFileReference; fileEncoding = 4; lastKnownFileType = sourcecode.cpp.cpp; path = ConfigureFormats.cpp; sourceTree = "<group>"; };
		305AA2C32BB0EDF800BDAE68 /* ConfigureSwapchain.cpp */ = {isa = PBXFileReference; fileEncoding = 4; lastKnownFileType = sourcecode.cpp.cpp; path = ConfigureSwapchain.cpp; sourceTree = "<group>"; };
		305AA2C82BB1040C00BDAE68 /* ConfigureSurfaceSize.h */ = {isa = PBXFileReference; lastKnownFileType = sourcecode.c.h; path = ConfigureSurfaceSize.h; sourceTree = "<group>"; };
		305AA2D42BB1041300BDAE68 /* ConfigureSurfaceSize.cpp */ = {isa = PBXFileReference; fileEncoding = 4; lastKnownFileType = sourcecode.cpp.cpp; path = ConfigureSurfaceSize.cpp; sourceTree = "<group>"; };
		306912CC2B5E7D7400B14F73 /* Warlock-macOS.app */ = {isa = PBXFileReference; explicitFileType = wrapper.application; includeInIndex = 0; path = "Warlock-macOS.app"; sourceTree = BUILT_PRODUCTS_DIR; };
		306912CF2B5E7D7400B14F73 /* AppDelegate.h */ = {isa = PBXFileReference; lastKnownFileType = sourcecode.c.h; path = AppDelegate.h; sourceTree = "<group>"; };
		306912D02B5E7D7400B14F73 /* AppDelegate.m */ = {isa = PBXFileReference; lastKnownFileType = sourcecode.c.objc; path = AppDelegate.m; sourceTree = "<group>"; };
		306912D22B5E7D7500B14F73 /* Assets.xcassets */ = {isa = PBXFileReference; lastKnownFileType = folder.assetcatalog; path = Assets.xcassets; sourceTree = "<group>"; };
		306912D92B5E7D7500B14F73 /* Project_macOS.entitlements */ = {isa = PBXFileReference; lastKnownFileType = text.plist.entitlements; path = Project_macOS.entitlements; sourceTree = "<group>"; };
		306912DF2B5E7E1C00B14F73 /* Warlock-Bridging-Header.h */ = {isa = PBXFileReference; lastKnownFileType = sourcecode.c.h; path = "Warlock-Bridging-Header.h"; sourceTree = "<group>"; };
		306912E02B5E7E1D00B14F73 /* Warlock.swift */ = {isa = PBXFileReference; lastKnownFileType = sourcecode.swift; path = Warlock.swift; sourceTree = "<group>"; };
		3069132C2B5E8A1A00B14F73 /* Main.cpp */ = {isa = PBXFileReference; lastKnownFileType = sourcecode.cpp.cpp; path = Main.cpp; sourceTree = "<group>"; };
		3069132D2B5E8A1A00B14F73 /* Main.hpp */ = {isa = PBXFileReference; lastKnownFileType = sourcecode.cpp.h; path = Main.hpp; sourceTree = "<group>"; };
		306913312B5E8D1100B14F73 /* SDL.xcodeproj */ = {isa = PBXFileReference; lastKnownFileType = "wrapper.pb-project"; name = SDL.xcodeproj; path = ../../Libraries/SDL/Xcode/SDL/SDL.xcodeproj; sourceTree = "<group>"; };
		306913672B5E9D4600B14F73 /* MoltenVK.xcframework */ = {isa = PBXFileReference; lastKnownFileType = wrapper.xcframework; name = MoltenVK.xcframework; path = ../../Libraries/MoltenVK/Package/Release/MoltenVK/static/MoltenVK.xcframework; sourceTree = "<group>"; };
		3069138A2B5EAFC900B14F73 /* vulkan_video_codec_h264std.h */ = {isa = PBXFileReference; fileEncoding = 4; lastKnownFileType = sourcecode.c.h; path = vulkan_video_codec_h264std.h; sourceTree = "<group>"; };
		3069138B2B5EAFC900B14F73 /* vulkan_video_codec_h265std.h */ = {isa = PBXFileReference; fileEncoding = 4; lastKnownFileType = sourcecode.c.h; path = vulkan_video_codec_h265std.h; sourceTree = "<group>"; };
		3069138C2B5EAFC900B14F73 /* vulkan_video_codec_h264std_decode.h */ = {isa = PBXFileReference; fileEncoding = 4; lastKnownFileType = sourcecode.c.h; path = vulkan_video_codec_h264std_decode.h; sourceTree = "<group>"; };
		3069138D2B5EAFC900B14F73 /* vulkan_video_codec_h264std_encode.h */ = {isa = PBXFileReference; fileEncoding = 4; lastKnownFileType = sourcecode.c.h; path = vulkan_video_codec_h264std_encode.h; sourceTree = "<group>"; };
		3069138E2B5EAFC900B14F73 /* vulkan_video_codecs_common.h */ = {isa = PBXFileReference; fileEncoding = 4; lastKnownFileType = sourcecode.c.h; path = vulkan_video_codecs_common.h; sourceTree = "<group>"; };
		3069138F2B5EAFC900B14F73 /* vulkan_video_codec_h265std_encode.h */ = {isa = PBXFileReference; fileEncoding = 4; lastKnownFileType = sourcecode.c.h; path = vulkan_video_codec_h265std_encode.h; sourceTree = "<group>"; };
		306913902B5EAFC900B14F73 /* vulkan_video_codec_h265std_decode.h */ = {isa = PBXFileReference; fileEncoding = 4; lastKnownFileType = sourcecode.c.h; path = vulkan_video_codec_h265std_decode.h; sourceTree = "<group>"; };
		306913922B5EAFC900B14F73 /* mvk_private_api.h */ = {isa = PBXFileReference; fileEncoding = 4; lastKnownFileType = sourcecode.c.h; path = mvk_private_api.h; sourceTree = "<group>"; };
		306913932B5EAFC900B14F73 /* mvk_datatypes.h */ = {isa = PBXFileReference; fileEncoding = 4; lastKnownFileType = sourcecode.c.h; path = mvk_datatypes.h; sourceTree = "<group>"; };
		306913942B5EAFC900B14F73 /* vk_mvk_moltenvk.h */ = {isa = PBXFileReference; fileEncoding = 4; lastKnownFileType = sourcecode.c.h; path = vk_mvk_moltenvk.h; sourceTree = "<group>"; };
		306913952B5EAFC900B14F73 /* mvk_vulkan.h */ = {isa = PBXFileReference; fileEncoding = 4; lastKnownFileType = sourcecode.c.h; path = mvk_vulkan.h; sourceTree = "<group>"; };
		306913962B5EAFC900B14F73 /* mvk_config.h */ = {isa = PBXFileReference; fileEncoding = 4; lastKnownFileType = sourcecode.c.h; path = mvk_config.h; sourceTree = "<group>"; };
		306913972B5EAFC900B14F73 /* mvk_deprecated_api.h */ = {isa = PBXFileReference; fileEncoding = 4; lastKnownFileType = sourcecode.c.h; path = mvk_deprecated_api.h; sourceTree = "<group>"; };
		306913992B5EAFC900B14F73 /* vk_layer.h */ = {isa = PBXFileReference; fileEncoding = 4; lastKnownFileType = sourcecode.c.h; path = vk_layer.h; sourceTree = "<group>"; };
		3069139A2B5EAFC900B14F73 /* vk_icd.h */ = {isa = PBXFileReference; fileEncoding = 4; lastKnownFileType = sourcecode.c.h; path = vk_icd.h; sourceTree = "<group>"; };
		3069139B2B5EAFC900B14F73 /* vulkan_vi.h */ = {isa = PBXFileReference; fileEncoding = 4; lastKnownFileType = sourcecode.c.h; path = vulkan_vi.h; sourceTree = "<group>"; };
		3069139C2B5EAFC900B14F73 /* vulkan_hash.hpp */ = {isa = PBXFileReference; fileEncoding = 4; lastKnownFileType = sourcecode.cpp.h; path = vulkan_hash.hpp; sourceTree = "<group>"; };
		3069139D2B5EAFC900B14F73 /* vulkan.cppm */ = {isa = PBXFileReference; fileEncoding = 4; lastKnownFileType = text; path = vulkan.cppm; sourceTree = "<group>"; };
		3069139E2B5EAFC900B14F73 /* vulkan_to_string.hpp */ = {isa = PBXFileReference; fileEncoding = 4; lastKnownFileType = sourcecode.cpp.h; path = vulkan_to_string.hpp; sourceTree = "<group>"; };
		3069139F2B5EAFC900B14F73 /* vulkan.h */ = {isa = PBXFileReference; fileEncoding = 4; lastKnownFileType = sourcecode.c.h; path = vulkan.h; sourceTree = "<group>"; };
		306913A02B5EAFC900B14F73 /* vk_platform.h */ = {isa = PBXFileReference; fileEncoding = 4; lastKnownFileType = sourcecode.c.h; path = vk_platform.h; sourceTree = "<group>"; };
		306913A12B5EAFC900B14F73 /* vulkan.hpp */ = {isa = PBXFileReference; fileEncoding = 4; lastKnownFileType = sourcecode.cpp.h; path = vulkan.hpp; sourceTree = "<group>"; };
		306913A22B5EAFC900B14F73 /* vulkan_enums.hpp */ = {isa = PBXFileReference; fileEncoding = 4; lastKnownFileType = sourcecode.cpp.h; path = vulkan_enums.hpp; sourceTree = "<group>"; };
		306913A32B5EAFC900B14F73 /* vulkan_fuchsia.h */ = {isa = PBXFileReference; fileEncoding = 4; lastKnownFileType = sourcecode.c.h; path = vulkan_fuchsia.h; sourceTree = "<group>"; };
		306913A42B5EAFC900B14F73 /* vulkan_wayland.h */ = {isa = PBXFileReference; fileEncoding = 4; lastKnownFileType = sourcecode.c.h; path = vulkan_wayland.h; sourceTree = "<group>"; };
		306913A52B5EAFC900B14F73 /* vulkan_static_assertions.hpp */ = {isa = PBXFileReference; fileEncoding = 4; lastKnownFileType = sourcecode.cpp.h; path = vulkan_static_assertions.hpp; sourceTree = "<group>"; };
		306913A62B5EAFC900B14F73 /* vulkan_win32.h */ = {isa = PBXFileReference; fileEncoding = 4; lastKnownFileType = sourcecode.c.h; path = vulkan_win32.h; sourceTree = "<group>"; };
		306913A72B5EAFC900B14F73 /* vulkan_macos.h */ = {isa = PBXFileReference; fileEncoding = 4; lastKnownFileType = sourcecode.c.h; path = vulkan_macos.h; sourceTree = "<group>"; };
		306913A82B5EAFC900B14F73 /* vulkan_xlib_xrandr.h */ = {isa = PBXFileReference; fileEncoding = 4; lastKnownFileType = sourcecode.c.h; path = vulkan_xlib_xrandr.h; sourceTree = "<group>"; };
		306913A92B5EAFC900B14F73 /* vulkan_funcs.hpp */ = {isa = PBXFileReference; fileEncoding = 4; lastKnownFileType = sourcecode.cpp.h; path = vulkan_funcs.hpp; sourceTree = "<group>"; };
		306913AA2B5EAFC900B14F73 /* vulkan_xcb.h */ = {isa = PBXFileReference; fileEncoding = 4; lastKnownFileType = sourcecode.c.h; path = vulkan_xcb.h; sourceTree = "<group>"; };
		306913AB2B5EAFC900B14F73 /* vulkan_shared.hpp */ = {isa = PBXFileReference; fileEncoding = 4; lastKnownFileType = sourcecode.cpp.h; path = vulkan_shared.hpp; sourceTree = "<group>"; };
		306913AC2B5EAFC900B14F73 /* vulkan_ggp.h */ = {isa = PBXFileReference; fileEncoding = 4; lastKnownFileType = sourcecode.c.h; path = vulkan_ggp.h; sourceTree = "<group>"; };
		306913AD2B5EAFC900B14F73 /* vulkan_video.hpp */ = {isa = PBXFileReference; fileEncoding = 4; lastKnownFileType = sourcecode.cpp.h; path = vulkan_video.hpp; sourceTree = "<group>"; };
		306913AE2B5EAFC900B14F73 /* vulkan_hpp_macros.hpp */ = {isa = PBXFileReference; fileEncoding = 4; lastKnownFileType = sourcecode.cpp.h; path = vulkan_hpp_macros.hpp; sourceTree = "<group>"; };
		306913AF2B5EAFC900B14F73 /* vulkan_format_traits.hpp */ = {isa = PBXFileReference; fileEncoding = 4; lastKnownFileType = sourcecode.cpp.h; path = vulkan_format_traits.hpp; sourceTree = "<group>"; };
		306913B02B5EAFC900B14F73 /* vulkan_xlib.h */ = {isa = PBXFileReference; fileEncoding = 4; lastKnownFileType = sourcecode.c.h; path = vulkan_xlib.h; sourceTree = "<group>"; };
		306913B12B5EAFC900B14F73 /* vulkan_directfb.h */ = {isa = PBXFileReference; fileEncoding = 4; lastKnownFileType = sourcecode.c.h; path = vulkan_directfb.h; sourceTree = "<group>"; };
		306913B22B5EAFC900B14F73 /* vulkan_ios.h */ = {isa = PBXFileReference; fileEncoding = 4; lastKnownFileType = sourcecode.c.h; path = vulkan_ios.h; sourceTree = "<group>"; };
		306913B32B5EAFC900B14F73 /* vulkan_extension_inspection.hpp */ = {isa = PBXFileReference; fileEncoding = 4; lastKnownFileType = sourcecode.cpp.h; path = vulkan_extension_inspection.hpp; sourceTree = "<group>"; };
		306913B42B5EAFC900B14F73 /* vulkan_structs.hpp */ = {isa = PBXFileReference; fileEncoding = 4; lastKnownFileType = sourcecode.cpp.h; path = vulkan_structs.hpp; sourceTree = "<group>"; };
		306913B52B5EAFC900B14F73 /* vulkan_core.h */ = {isa = PBXFileReference; fileEncoding = 4; lastKnownFileType = sourcecode.c.h; path = vulkan_core.h; sourceTree = "<group>"; };
		306913B62B5EAFC900B14F73 /* vulkan_raii.hpp */ = {isa = PBXFileReference; fileEncoding = 4; lastKnownFileType = sourcecode.cpp.h; path = vulkan_raii.hpp; sourceTree = "<group>"; };
		306913B72B5EAFC900B14F73 /* vulkan_screen.h */ = {isa = PBXFileReference; fileEncoding = 4; lastKnownFileType = sourcecode.c.h; path = vulkan_screen.h; sourceTree = "<group>"; };
		306913B82B5EAFC900B14F73 /* vulkan_android.h */ = {isa = PBXFileReference; fileEncoding = 4; lastKnownFileType = sourcecode.c.h; path = vulkan_android.h; sourceTree = "<group>"; };
		306913B92B5EAFC900B14F73 /* vulkan_metal.h */ = {isa = PBXFileReference; fileEncoding = 4; lastKnownFileType = sourcecode.c.h; path = vulkan_metal.h; sourceTree = "<group>"; };
		306913BA2B5EAFC900B14F73 /* vulkan_handles.hpp */ = {isa = PBXFileReference; fileEncoding = 4; lastKnownFileType = sourcecode.cpp.h; path = vulkan_handles.hpp; sourceTree = "<group>"; };
		306913BB2B5EAFC900B14F73 /* vulkan_beta.h */ = {isa = PBXFileReference; fileEncoding = 4; lastKnownFileType = sourcecode.c.h; path = vulkan_beta.h; sourceTree = "<group>"; };
		3077062C2BA896D500122E50 /* Vulkanize.h */ = {isa = PBXFileReference; fileEncoding = 4; lastKnownFileType = sourcecode.c.h; path = Vulkanize.h; sourceTree = "<group>"; };
		307706302BA896D500122E50 /* Vulkanize.cpp */ = {isa = PBXFileReference; fileEncoding = 4; lastKnownFileType = sourcecode.cpp.cpp; path = Vulkanize.cpp; sourceTree = "<group>"; };
		307706342BA8B39C00122E50 /* Context.h */ = {isa = PBXFileReference; fileEncoding = 4; lastKnownFileType = sourcecode.c.h; path = Context.h; sourceTree = "<group>"; };
		307706352BA8B3AC00122E50 /* Context.cpp */ = {isa = PBXFileReference; fileEncoding = 4; lastKnownFileType = sourcecode.cpp.cpp; path = Context.cpp; sourceTree = "<group>"; };
		307DC3042BB9AE27009297EA /* Node.h */ = {isa = PBXFileReference; lastKnownFileType = sourcecode.c.h; path = Node.h; sourceTree = "<group>"; };
		30C79EBA2BC44878004A98B7 /* libglslang.a */ = {isa = PBXFileReference; lastKnownFileType = archive.ar; name = libglslang.a; path = ../../Libraries/glslang/build/glslang/libglslang.a; sourceTree = "<group>"; };
		30C79F672BC448E3004A98B7 /* libOSDependent.a */ = {isa = PBXFileReference; lastKnownFileType = archive.ar; path = libOSDependent.a; sourceTree = "<group>"; };
		30C79F6C2BC448E3004A98B7 /* libGenericCodeGen.a */ = {isa = PBXFileReference; lastKnownFileType = archive.ar; path = libGenericCodeGen.a; sourceTree = "<group>"; };
		30C79F6D2BC448E3004A98B7 /* libglslang-default-resource-limits.a */ = {isa = PBXFileReference; lastKnownFileType = archive.ar; path = "libglslang-default-resource-limits.a"; sourceTree = "<group>"; };
		30C79F6E2BC448E3004A98B7 /* libglslang.a */ = {isa = PBXFileReference; lastKnownFileType = archive.ar; path = libglslang.a; sourceTree = "<group>"; };
		30C79F6F2BC448E3004A98B7 /* libMachineIndependent.a */ = {isa = PBXFileReference; lastKnownFileType = archive.ar; path = libMachineIndependent.a; sourceTree = "<group>"; };
/* End PBXFileReference section */

/* Begin PBXFrameworksBuildPhase section */
		306912C92B5E7D7400B14F73 /* Frameworks */ = {
			isa = PBXFrameworksBuildPhase;
			buildActionMask = 2147483647;
			files = (
				30C7A0032BC448E3004A98B7 /* libMachineIndependent.a in Frameworks */,
				30C79FFD2BC448E3004A98B7 /* libOSDependent.a in Frameworks */,
				30C7A0002BC448E3004A98B7 /* libGenericCodeGen.a in Frameworks */,
				30C7A0012BC448E3004A98B7 /* libglslang-default-resource-limits.a in Frameworks */,
				30C7A0052BC44927004A98B7 /* libglslang.a in Frameworks */,
				306913582B5E98C400B14F73 /* SDL2.framework in Frameworks */,
				306913732B5E9D4600B14F73 /* MoltenVK.xcframework in Frameworks */,
			);
			runOnlyForDeploymentPostprocessing = 0;
		};
/* End PBXFrameworksBuildPhase section */

/* Begin PBXGroup section */
		300C888E2BC430B200FFBB85 /* glslang */ = {
			isa = PBXGroup;
			children = (
				30C79F712BC448E3004A98B7 /* glslang */,
				300C889D2BC430E800FFBB85 /* glslang */,
			);
			name = glslang;
			sourceTree = "<group>";
		};
		300C889D2BC430E800FFBB85 /* glslang */ = {
			isa = PBXGroup;
			children = (
				300C88FE2BC4320800FFBB85 /* CInterface */,
				300C88DF2BC431D600FFBB85 /* MachineIndependent */,
				300C88AC2BC431AD00FFBB85 /* Include */,
			);
			name = glslang;
			path = ../../Libraries/glslang/glslang;
			sourceTree = "<group>";
		};
		300C88AC2BC431AD00FFBB85 /* Include */ = {
			isa = PBXGroup;
			children = (
				300C889E2BC431AD00FFBB85 /* arrays.h */,
				300C889F2BC431AD00FFBB85 /* BaseTypes.h */,
				300C88A02BC431AD00FFBB85 /* Common.h */,
				300C88A12BC431AD00FFBB85 /* ConstantUnion.h */,
				300C88A22BC431AD00FFBB85 /* glslang_c_interface.h */,
				300C88A32BC431AD00FFBB85 /* glslang_c_shader_types.h */,
				300C88A42BC431AD00FFBB85 /* InfoSink.h */,
				300C88A52BC431AD00FFBB85 /* InitializeGlobals.h */,
				300C88A62BC431AD00FFBB85 /* intermediate.h */,
				300C88A72BC431AD00FFBB85 /* PoolAlloc.h */,
				300C88A82BC431AD00FFBB85 /* ResourceLimits.h */,
				300C88A92BC431AD00FFBB85 /* ShHandle.h */,
				300C88AA2BC431AD00FFBB85 /* SpirvIntrinsics.h */,
				300C88AB2BC431AD00FFBB85 /* Types.h */,
			);
			path = Include;
			sourceTree = "<group>";
		};
		300C88B42BC431D600FFBB85 /* preprocessor */ = {
			isa = PBXGroup;
			children = (
				300C88AD2BC431D600FFBB85 /* Pp.cpp */,
				300C88AE2BC431D600FFBB85 /* PpAtom.cpp */,
				300C88AF2BC431D600FFBB85 /* PpContext.cpp */,
				300C88B02BC431D600FFBB85 /* PpContext.h */,
				300C88B12BC431D600FFBB85 /* PpScanner.cpp */,
				300C88B22BC431D600FFBB85 /* PpTokens.cpp */,
				300C88B32BC431D600FFBB85 /* PpTokens.h */,
			);
			path = preprocessor;
			sourceTree = "<group>";
		};
		300C88DF2BC431D600FFBB85 /* MachineIndependent */ = {
			isa = PBXGroup;
			children = (
				300C88B42BC431D600FFBB85 /* preprocessor */,
				300C88B52BC431D600FFBB85 /* attribute.cpp */,
				300C88B62BC431D600FFBB85 /* attribute.h */,
				300C88B72BC431D600FFBB85 /* Constant.cpp */,
				300C88B82BC431D600FFBB85 /* gl_types.h */,
				300C88B92BC431D600FFBB85 /* glslang_tab.cpp */,
				300C88BA2BC431D600FFBB85 /* glslang_tab.cpp.h */,
				300C88BB2BC431D600FFBB85 /* glslang.y */,
				300C88BC2BC431D600FFBB85 /* InfoSink.cpp */,
				300C88BD2BC431D600FFBB85 /* Initialize.cpp */,
				300C88BE2BC431D600FFBB85 /* Initialize.h */,
				300C88BF2BC431D600FFBB85 /* Intermediate.cpp */,
				300C88C02BC431D600FFBB85 /* intermOut.cpp */,
				300C88C12BC431D600FFBB85 /* IntermTraverse.cpp */,
				300C88C22BC431D600FFBB85 /* iomapper.cpp */,
				300C88C32BC431D600FFBB85 /* iomapper.h */,
				300C88C42BC431D600FFBB85 /* limits.cpp */,
				300C88C52BC431D600FFBB85 /* linkValidate.cpp */,
				300C88C62BC431D600FFBB85 /* LiveTraverser.h */,
				300C88C72BC431D600FFBB85 /* localintermediate.h */,
				300C88C82BC431D600FFBB85 /* parseConst.cpp */,
				300C88C92BC431D600FFBB85 /* ParseContextBase.cpp */,
				300C88CA2BC431D600FFBB85 /* ParseHelper.cpp */,
				300C88CB2BC431D600FFBB85 /* ParseHelper.h */,
				300C88CC2BC431D600FFBB85 /* parseVersions.h */,
				300C88CD2BC431D600FFBB85 /* pch.h */,
				300C88CE2BC431D600FFBB85 /* PoolAlloc.cpp */,
				300C88CF2BC431D600FFBB85 /* propagateNoContraction.cpp */,
				300C88D02BC431D600FFBB85 /* propagateNoContraction.h */,
				300C88D12BC431D600FFBB85 /* reflection.cpp */,
				300C88D22BC431D600FFBB85 /* reflection.h */,
				300C88D32BC431D600FFBB85 /* RemoveTree.cpp */,
				300C88D42BC431D600FFBB85 /* RemoveTree.h */,
				300C88D52BC431D600FFBB85 /* Scan.cpp */,
				300C88D62BC431D600FFBB85 /* Scan.h */,
				300C88D72BC431D600FFBB85 /* ScanContext.h */,
				300C88D82BC431D600FFBB85 /* ShaderLang.cpp */,
				300C88D92BC431D600FFBB85 /* span.h */,
				300C88DA2BC431D600FFBB85 /* SpirvIntrinsics.cpp */,
				300C88DB2BC431D600FFBB85 /* SymbolTable.cpp */,
				300C88DC2BC431D600FFBB85 /* SymbolTable.h */,
				300C88DD2BC431D600FFBB85 /* Versions.cpp */,
				300C88DE2BC431D600FFBB85 /* Versions.h */,
			);
			path = MachineIndependent;
			sourceTree = "<group>";
		};
		300C88FE2BC4320800FFBB85 /* CInterface */ = {
			isa = PBXGroup;
			children = (
				300C88FD2BC4320800FFBB85 /* glslang_c_interface.cpp */,
			);
			path = CInterface;
			sourceTree = "<group>";
		};
		3019850A2B94DC3700CBECCB /* Balefire */ = {
			isa = PBXGroup;
			children = (
				301985192B94DC6000CBECCB /* Headers */,
				3019850B2B94DC6000CBECCB /* Source */,
			);
			name = Balefire;
			sourceTree = "<group>";
		};
		3019850B2B94DC6000CBECCB /* Source */ = {
			isa = PBXGroup;
			children = (
				3049E6A62B94FBF4008554DD /* Balefire.cpp */,
				3019850C2B94DC6000CBECCB /* Core */,
				301985112B94DC6000CBECCB /* SDL */,
				301985162B94DC6000CBECCB /* Vulkan */,
			);
			name = Source;
			path = ../../Libraries/Balefire/CPP/Source;
			sourceTree = "<group>";
		};
		3019850C2B94DC6000CBECCB /* Core */ = {
			isa = PBXGroup;
			children = (
				3019853A2B94DDBB00CBECCB /* Framework.cpp */,
				3019850D2B94DC6000CBECCB /* Window.cpp */,
				3019850F2B94DC6000CBECCB /* String.cpp */,
				301985102B94DC6000CBECCB /* Renderer.cpp */,
			);
			path = Core;
			sourceTree = "<group>";
		};
		301985112B94DC6000CBECCB /* SDL */ = {
			isa = PBXGroup;
			children = (
				3049E6AF2B953545008554DD /* WindowFrameworkContextSDL.cpp */,
				301985142B94DC6000CBECCB /* FrameworkSDL.cpp */,
				301985152B94DC6000CBECCB /* FrameworkSDLVulkan.cpp */,
			);
			path = SDL;
			sourceTree = "<group>";
		};
		301985162B94DC6000CBECCB /* Vulkan */ = {
			isa = PBXGroup;
			children = (
				3049E6AD2B952FBE008554DD /* WindowRenderContextVulkan.cpp */,
				301985182B94DC6000CBECCB /* RendererVulkan.cpp */,
			);
			path = Vulkan;
			sourceTree = "<group>";
		};
		301985192B94DC6000CBECCB /* Headers */ = {
			isa = PBXGroup;
			children = (
				3019851A2B94DC6000CBECCB /* Balefire */,
			);
			name = Headers;
			path = ../../Libraries/Balefire/CPP/Headers;
			sourceTree = "<group>";
		};
		3019851A2B94DC6000CBECCB /* Balefire */ = {
			isa = PBXGroup;
			children = (
				3049E6A82B94FBFD008554DD /* Balefire.h */,
				3019851B2B94DC6000CBECCB /* Core */,
				301985272B94DC6000CBECCB /* SDL */,
				3019852C2B94DC6000CBECCB /* Vulkan */,
			);
			path = Balefire;
			sourceTree = "<group>";
		};
		3019851B2B94DC6000CBECCB /* Core */ = {
			isa = PBXGroup;
			children = (
				3049E6AA2B9518C8008554DD /* WindowFrameworkContext.h */,
				3049E6A92B9518C8008554DD /* WindowRenderContext.h */,
				3019851C2B94DC6000CBECCB /* DiscreteData.h */,
				3019851D2B94DC6000CBECCB /* Types.h */,
				3019851E2B94DC6000CBECCB /* Renderer.h */,
				3019851F2B94DC6000CBECCB /* Window.h */,
				301985212B94DC6000CBECCB /* BulkData.h */,
				301985222B94DC6000CBECCB /* Framework.h */,
				301985232B94DC6000CBECCB /* RefCounted.h */,
				301985242B94DC6000CBECCB /* ResourceBank.h */,
				301985252B94DC6000CBECCB /* Ref.h */,
				301985262B94DC6000CBECCB /* String.h */,
			);
			path = Core;
			sourceTree = "<group>";
		};
		301985272B94DC6000CBECCB /* SDL */ = {
			isa = PBXGroup;
			children = (
				3049E6AB2B9518D0008554DD /* WindowFrameworkContextSDL.h */,
				301985292B94DC6000CBECCB /* FrameworkSDL.h */,
				3019852A2B94DC6000CBECCB /* FrameworkSDLVulkan.h */,
			);
			path = SDL;
			sourceTree = "<group>";
		};
		3019852C2B94DC6000CBECCB /* Vulkan */ = {
			isa = PBXGroup;
			children = (
				3049E6AC2B9518D9008554DD /* WindowRenderContextVulkan.h */,
				3019852F2B94DC6000CBECCB /* RendererVulkan.h */,
			);
			path = Vulkan;
			sourceTree = "<group>";
		};
		306912C32B5E7D7400B14F73 = {
			isa = PBXGroup;
			children = (
				300C888E2BC430B200FFBB85 /* glslang */,
				3019850A2B94DC3700CBECCB /* Balefire */,
				306913872B5EAF0F00B14F73 /* Vulkan */,
				307706202BA8969500122E50 /* Vulkanize */,
				306913312B5E8D1100B14F73 /* SDL.xcodeproj */,
				306912E02B5E7E1D00B14F73 /* Warlock.swift */,
				306912CE2B5E7D7400B14F73 /* Warlock-macOS */,
				306912CD2B5E7D7400B14F73 /* Products */,
				306912DF2B5E7E1C00B14F73 /* Warlock-Bridging-Header.h */,
				306913552B5E8D2300B14F73 /* Frameworks */,
			);
			sourceTree = "<group>";
		};
		306912CD2B5E7D7400B14F73 /* Products */ = {
			isa = PBXGroup;
			children = (
				306912CC2B5E7D7400B14F73 /* Warlock-macOS.app */,
			);
			name = Products;
			sourceTree = "<group>";
		};
		306912CE2B5E7D7400B14F73 /* Warlock-macOS */ = {
			isa = PBXGroup;
			children = (
				306912CF2B5E7D7400B14F73 /* AppDelegate.h */,
				306912D02B5E7D7400B14F73 /* AppDelegate.m */,
				306912D22B5E7D7500B14F73 /* Assets.xcassets */,
				306912D92B5E7D7500B14F73 /* Project_macOS.entitlements */,
				3069132C2B5E8A1A00B14F73 /* Main.cpp */,
				3069132D2B5E8A1A00B14F73 /* Main.hpp */,
			);
			path = "Warlock-macOS";
			sourceTree = "<group>";
		};
		306913322B5E8D1100B14F73 /* Products */ = {
			isa = PBXGroup;
			children = (
				306913402B5E8D1100B14F73 /* SDL2.framework */,
				306913422B5E8D1100B14F73 /* SDL2.framework */,
				306913442B5E8D1100B14F73 /* SDL2.framework */,
				306913462B5E8D1100B14F73 /* SDL2.framework */,
				306913482B5E8D1100B14F73 /* libSDL2.a */,
				3069134A2B5E8D1100B14F73 /* libSDL2.a */,
				3069134C2B5E8D1100B14F73 /* libSDL2.a */,
				3069134E2B5E8D1100B14F73 /* libSDL2.dylib */,
				306913502B5E8D1100B14F73 /* libSDL2.dylib */,
				306913522B5E8D1100B14F73 /* libSDL2.dylib */,
				306913542B5E8D1100B14F73 /* SDL2 */,
			);
			name = Products;
			sourceTree = "<group>";
		};
		306913552B5E8D2300B14F73 /* Frameworks */ = {
			isa = PBXGroup;
			children = (
				30C79EBA2BC44878004A98B7 /* libglslang.a */,
				306913672B5E9D4600B14F73 /* MoltenVK.xcframework */,
			);
			name = Frameworks;
			sourceTree = "<group>";
		};
		306913872B5EAF0F00B14F73 /* Vulkan */ = {
			isa = PBXGroup;
			children = (
				306913882B5EAFC900B14F73 /* include */,
			);
			name = Vulkan;
			sourceTree = "<group>";
		};
		306913882B5EAFC900B14F73 /* include */ = {
			isa = PBXGroup;
			children = (
				306913892B5EAFC900B14F73 /* vk_video */,
				306913912B5EAFC900B14F73 /* MoltenVK */,
				306913982B5EAFC900B14F73 /* vulkan */,
			);
			name = include;
			path = ../../Libraries/MoltenVK/MoltenVK/include;
			sourceTree = "<group>";
		};
		306913892B5EAFC900B14F73 /* vk_video */ = {
			isa = PBXGroup;
			children = (
				3069138A2B5EAFC900B14F73 /* vulkan_video_codec_h264std.h */,
				3069138B2B5EAFC900B14F73 /* vulkan_video_codec_h265std.h */,
				3069138C2B5EAFC900B14F73 /* vulkan_video_codec_h264std_decode.h */,
				3069138D2B5EAFC900B14F73 /* vulkan_video_codec_h264std_encode.h */,
				3069138E2B5EAFC900B14F73 /* vulkan_video_codecs_common.h */,
				3069138F2B5EAFC900B14F73 /* vulkan_video_codec_h265std_encode.h */,
				306913902B5EAFC900B14F73 /* vulkan_video_codec_h265std_decode.h */,
			);
			path = vk_video;
			sourceTree = "<group>";
		};
		306913912B5EAFC900B14F73 /* MoltenVK */ = {
			isa = PBXGroup;
			children = (
				306913922B5EAFC900B14F73 /* mvk_private_api.h */,
				306913932B5EAFC900B14F73 /* mvk_datatypes.h */,
				306913942B5EAFC900B14F73 /* vk_mvk_moltenvk.h */,
				306913952B5EAFC900B14F73 /* mvk_vulkan.h */,
				306913962B5EAFC900B14F73 /* mvk_config.h */,
				306913972B5EAFC900B14F73 /* mvk_deprecated_api.h */,
			);
			path = MoltenVK;
			sourceTree = "<group>";
		};
		306913982B5EAFC900B14F73 /* vulkan */ = {
			isa = PBXGroup;
			children = (
				306913992B5EAFC900B14F73 /* vk_layer.h */,
				3069139A2B5EAFC900B14F73 /* vk_icd.h */,
				3069139B2B5EAFC900B14F73 /* vulkan_vi.h */,
				3069139C2B5EAFC900B14F73 /* vulkan_hash.hpp */,
				3069139D2B5EAFC900B14F73 /* vulkan.cppm */,
				3069139E2B5EAFC900B14F73 /* vulkan_to_string.hpp */,
				3069139F2B5EAFC900B14F73 /* vulkan.h */,
				306913A02B5EAFC900B14F73 /* vk_platform.h */,
				306913A12B5EAFC900B14F73 /* vulkan.hpp */,
				306913A22B5EAFC900B14F73 /* vulkan_enums.hpp */,
				306913A32B5EAFC900B14F73 /* vulkan_fuchsia.h */,
				306913A42B5EAFC900B14F73 /* vulkan_wayland.h */,
				306913A52B5EAFC900B14F73 /* vulkan_static_assertions.hpp */,
				306913A62B5EAFC900B14F73 /* vulkan_win32.h */,
				306913A72B5EAFC900B14F73 /* vulkan_macos.h */,
				306913A82B5EAFC900B14F73 /* vulkan_xlib_xrandr.h */,
				306913A92B5EAFC900B14F73 /* vulkan_funcs.hpp */,
				306913AA2B5EAFC900B14F73 /* vulkan_xcb.h */,
				306913AB2B5EAFC900B14F73 /* vulkan_shared.hpp */,
				306913AC2B5EAFC900B14F73 /* vulkan_ggp.h */,
				306913AD2B5EAFC900B14F73 /* vulkan_video.hpp */,
				306913AE2B5EAFC900B14F73 /* vulkan_hpp_macros.hpp */,
				306913AF2B5EAFC900B14F73 /* vulkan_format_traits.hpp */,
				306913B02B5EAFC900B14F73 /* vulkan_xlib.h */,
				306913B12B5EAFC900B14F73 /* vulkan_directfb.h */,
				306913B22B5EAFC900B14F73 /* vulkan_ios.h */,
				306913B32B5EAFC900B14F73 /* vulkan_extension_inspection.hpp */,
				306913B42B5EAFC900B14F73 /* vulkan_structs.hpp */,
				306913B52B5EAFC900B14F73 /* vulkan_core.h */,
				306913B62B5EAFC900B14F73 /* vulkan_raii.hpp */,
				306913B72B5EAFC900B14F73 /* vulkan_screen.h */,
				306913B82B5EAFC900B14F73 /* vulkan_android.h */,
				306913B92B5EAFC900B14F73 /* vulkan_metal.h */,
				306913BA2B5EAFC900B14F73 /* vulkan_handles.hpp */,
				306913BB2B5EAFC900B14F73 /* vulkan_beta.h */,
			);
			path = vulkan;
			sourceTree = "<group>";
		};
		307706202BA8969500122E50 /* Vulkanize */ = {
			isa = PBXGroup;
			children = (
				3077062E2BA896D500122E50 /* Headers */,
				307706312BA896D500122E50 /* Source */,
			);
			name = Vulkanize;
			sourceTree = "<group>";
		};
		3077062D2BA896D500122E50 /* Vulkanize */ = {
			isa = PBXGroup;
			children = (
				300C71E52BC42C9300FFBB85 /* CompileShader.h */,
				300C71DD2BC1AD2100FFBB85 /* RenderBegin.h */,
				300C71DE2BC1AD2100FFBB85 /* RenderEnd.h */,
				300C71CF2BC192A700FFBB85 /* ConfigureCommandBuffers.h */,
				300C71D02BC192A700FFBB85 /* ConfigureCommandPool.h */,
				300C71D12BC192A700FFBB85 /* ConfigureFences.h */,
				300C71CE2BC192A700FFBB85 /* ConfigureFramebuffers.h */,
				300C71D22BC192A700FFBB85 /* ConfigureSemaphores.h */,
				300C71CD2BC1868800FFBB85 /* Types.h */,
				300C71CC2BC1833E00FFBB85 /* ConfigureGraphicsPipeline.h */,
				3004D1F12BC05A0B00572087 /* ConfigureRenderPasses.h */,
				3004D1EC2BBDB20000572087 /* ConfigureQueues.h */,
				3004D1E72BBDA13600572087 /* ConfigureDepthStencil.h */,
				3004D1DB2BBDA13600572087 /* Image.h */,
				307DC3042BB9AE27009297EA /* Node.h */,
				305AA2C82BB1040C00BDAE68 /* ConfigureSurfaceSize.h */,
				305AA2B52BB0EDEF00BDAE68 /* ConfigureFormats.h */,
				305AA2C12BB0EDEF00BDAE68 /* ConfigureSwapchain.h */,
				305AA2AD2BAF48CB00BDAE68 /* ConfigureDevice.h */,
				30089BB22BAC918B00AE818B /* Operation.h */,
				307706342BA8B39C00122E50 /* Context.h */,
				3077062C2BA896D500122E50 /* Vulkanize.h */,
				3019852D2B94DC6000CBECCB /* VkBootstrap.h */,
				3019852E2B94DC6000CBECCB /* VkBootstrapDispatch.h */,
			);
			path = Vulkanize;
			sourceTree = "<group>";
		};
		3077062E2BA896D500122E50 /* Headers */ = {
			isa = PBXGroup;
			children = (
				3077062D2BA896D500122E50 /* Vulkanize */,
			);
			name = Headers;
			path = ../../Libraries/Vulkanize/CPP/Headers;
			sourceTree = "<group>";
		};
		307706312BA896D500122E50 /* Source */ = {
			isa = PBXGroup;
			children = (
				300C71E32BC42C8A00FFBB85 /* CompileShader.cpp */,
				300C71DF2BC1AD2C00FFBB85 /* RenderBegin.cpp */,
				300C71E02BC1AD2C00FFBB85 /* RenderEnd.cpp */,
				300C71D62BC192B300FFBB85 /* ConfigureCommandBuffers.cpp */,
				300C71D42BC192B300FFBB85 /* ConfigureCommandPool.cpp */,
				300C71D52BC192B300FFBB85 /* ConfigureFences.cpp */,
				300C71D72BC192B300FFBB85 /* ConfigureFramebuffers.cpp */,
				300C71D32BC192B300FFBB85 /* ConfigureSemaphores.cpp */,
				300C71BF2BC1833600FFBB85 /* ConfigureGraphicsPipeline.cpp */,
				3004D1FD2BC05A2700572087 /* ConfigureRenderPasses.cpp */,
				3004D1ED2BBDB20700572087 /* ConfigureQueues.cpp */,
				3004D1E92BBDA14000572087 /* ConfigureDepthStencil.cpp */,
				3004D1E82BBDA14000572087 /* Image.cpp */,
				305AA2D42BB1041300BDAE68 /* ConfigureSurfaceSize.cpp */,
				305AA2C22BB0EDF800BDAE68 /* ConfigureFormats.cpp */,
				305AA2C32BB0EDF800BDAE68 /* ConfigureSwapchain.cpp */,
				305AA2B02BAF4B5600BDAE68 /* Operation.cpp */,
				305AA2AE2BAF48E200BDAE68 /* ConfigureDevice.cpp */,
				307706352BA8B3AC00122E50 /* Context.cpp */,
				307706302BA896D500122E50 /* Vulkanize.cpp */,
				301985172B94DC6000CBECCB /* VkBootstrap.cpp */,
			);
			name = Source;
			path = ../../Libraries/Vulkanize/CPP/Source;
			sourceTree = "<group>";
		};
		30C79F692BC448E3004A98B7 /* Unix */ = {
			isa = PBXGroup;
			children = (
				30C79F672BC448E3004A98B7 /* libOSDependent.a */,
			);
			path = Unix;
			sourceTree = "<group>";
		};
		30C79F6A2BC448E3004A98B7 /* OSDependent */ = {
			isa = PBXGroup;
			children = (
				30C79F692BC448E3004A98B7 /* Unix */,
			);
			path = OSDependent;
			sourceTree = "<group>";
		};
		30C79F712BC448E3004A98B7 /* glslang */ = {
			isa = PBXGroup;
			children = (
				30C79F6A2BC448E3004A98B7 /* OSDependent */,
				30C79F6C2BC448E3004A98B7 /* libGenericCodeGen.a */,
				30C79F6D2BC448E3004A98B7 /* libglslang-default-resource-limits.a */,
				30C79F6E2BC448E3004A98B7 /* libglslang.a */,
				30C79F6F2BC448E3004A98B7 /* libMachineIndependent.a */,
			);
			name = glslang;
			path = ../../Libraries/glslang/build/glslang;
			sourceTree = "<group>";
		};
/* End PBXGroup section */

/* Begin PBXNativeTarget section */
		306912CB2B5E7D7400B14F73 /* Warlock-macOS */ = {
			isa = PBXNativeTarget;
			buildConfigurationList = 306912DC2B5E7D7500B14F73 /* Build configuration list for PBXNativeTarget "Warlock-macOS" */;
			buildPhases = (
				306912C82B5E7D7400B14F73 /* Sources */,
				306912C92B5E7D7400B14F73 /* Frameworks */,
				306912CA2B5E7D7400B14F73 /* Resources */,
				3069135A2B5E98C400B14F73 /* Embed Frameworks */,
			);
			buildRules = (
			);
			dependencies = (
			);
			name = "Warlock-macOS";
			productName = "Warlock-macOS";
			productReference = 306912CC2B5E7D7400B14F73 /* Warlock-macOS.app */;
			productType = "com.apple.product-type.application";
		};
/* End PBXNativeTarget section */

/* Begin PBXProject section */
		306912C42B5E7D7400B14F73 /* Project object */ = {
			isa = PBXProject;
			attributes = {
				BuildIndependentTargetsInParallel = 1;
				LastUpgradeCheck = 1520;
				TargetAttributes = {
					306912CB2B5E7D7400B14F73 = {
						CreatedOnToolsVersion = 15.2;
						LastSwiftMigration = 1520;
					};
				};
			};
			buildConfigurationList = 306912C72B5E7D7400B14F73 /* Build configuration list for PBXProject "Warlock-macOS" */;
			compatibilityVersion = "Xcode 14.0";
			developmentRegion = en;
			hasScannedForEncodings = 0;
			knownRegions = (
				en,
				Base,
			);
			mainGroup = 306912C32B5E7D7400B14F73;
			productRefGroup = 306912CD2B5E7D7400B14F73 /* Products */;
			projectDirPath = "";
			projectReferences = (
				{
					ProductGroup = 306913322B5E8D1100B14F73 /* Products */;
					ProjectRef = 306913312B5E8D1100B14F73 /* SDL.xcodeproj */;
				},
			);
			projectRoot = "";
			targets = (
				306912CB2B5E7D7400B14F73 /* Warlock-macOS */,
			);
		};
/* End PBXProject section */

/* Begin PBXReferenceProxy section */
		306913402B5E8D1100B14F73 /* SDL2.framework */ = {
			isa = PBXReferenceProxy;
			fileType = wrapper.framework;
			path = SDL2.framework;
			remoteRef = 3069133F2B5E8D1100B14F73 /* PBXContainerItemProxy */;
			sourceTree = BUILT_PRODUCTS_DIR;
		};
		306913422B5E8D1100B14F73 /* SDL2.framework */ = {
			isa = PBXReferenceProxy;
			fileType = wrapper.framework;
			path = SDL2.framework;
			remoteRef = 306913412B5E8D1100B14F73 /* PBXContainerItemProxy */;
			sourceTree = BUILT_PRODUCTS_DIR;
		};
		306913442B5E8D1100B14F73 /* SDL2.framework */ = {
			isa = PBXReferenceProxy;
			fileType = wrapper.framework;
			path = SDL2.framework;
			remoteRef = 306913432B5E8D1100B14F73 /* PBXContainerItemProxy */;
			sourceTree = BUILT_PRODUCTS_DIR;
		};
		306913462B5E8D1100B14F73 /* SDL2.framework */ = {
			isa = PBXReferenceProxy;
			fileType = wrapper.framework;
			path = SDL2.framework;
			remoteRef = 306913452B5E8D1100B14F73 /* PBXContainerItemProxy */;
			sourceTree = BUILT_PRODUCTS_DIR;
		};
		306913482B5E8D1100B14F73 /* libSDL2.a */ = {
			isa = PBXReferenceProxy;
			fileType = archive.ar;
			path = libSDL2.a;
			remoteRef = 306913472B5E8D1100B14F73 /* PBXContainerItemProxy */;
			sourceTree = BUILT_PRODUCTS_DIR;
		};
		3069134A2B5E8D1100B14F73 /* libSDL2.a */ = {
			isa = PBXReferenceProxy;
			fileType = archive.ar;
			path = libSDL2.a;
			remoteRef = 306913492B5E8D1100B14F73 /* PBXContainerItemProxy */;
			sourceTree = BUILT_PRODUCTS_DIR;
		};
		3069134C2B5E8D1100B14F73 /* libSDL2.a */ = {
			isa = PBXReferenceProxy;
			fileType = archive.ar;
			path = libSDL2.a;
			remoteRef = 3069134B2B5E8D1100B14F73 /* PBXContainerItemProxy */;
			sourceTree = BUILT_PRODUCTS_DIR;
		};
		3069134E2B5E8D1100B14F73 /* libSDL2.dylib */ = {
			isa = PBXReferenceProxy;
			fileType = "compiled.mach-o.dylib";
			path = libSDL2.dylib;
			remoteRef = 3069134D2B5E8D1100B14F73 /* PBXContainerItemProxy */;
			sourceTree = BUILT_PRODUCTS_DIR;
		};
		306913502B5E8D1100B14F73 /* libSDL2.dylib */ = {
			isa = PBXReferenceProxy;
			fileType = "compiled.mach-o.dylib";
			path = libSDL2.dylib;
			remoteRef = 3069134F2B5E8D1100B14F73 /* PBXContainerItemProxy */;
			sourceTree = BUILT_PRODUCTS_DIR;
		};
		306913522B5E8D1100B14F73 /* libSDL2.dylib */ = {
			isa = PBXReferenceProxy;
			fileType = "compiled.mach-o.dylib";
			path = libSDL2.dylib;
			remoteRef = 306913512B5E8D1100B14F73 /* PBXContainerItemProxy */;
			sourceTree = BUILT_PRODUCTS_DIR;
		};
		306913542B5E8D1100B14F73 /* SDL2 */ = {
			isa = PBXReferenceProxy;
			fileType = "compiled.mach-o.executable";
			path = SDL2;
			remoteRef = 306913532B5E8D1100B14F73 /* PBXContainerItemProxy */;
			sourceTree = BUILT_PRODUCTS_DIR;
		};
/* End PBXReferenceProxy section */

/* Begin PBXResourcesBuildPhase section */
		306912CA2B5E7D7400B14F73 /* Resources */ = {
			isa = PBXResourcesBuildPhase;
			buildActionMask = 2147483647;
			files = (
				306913BC2B5EAFC900B14F73 /* vulkan.cppm in Resources */,
				306912D32B5E7D7500B14F73 /* Assets.xcassets in Resources */,
			);
			runOnlyForDeploymentPostprocessing = 0;
		};
/* End PBXResourcesBuildPhase section */

/* Begin PBXSourcesBuildPhase section */
		306912C82B5E7D7400B14F73 /* Sources */ = {
			isa = PBXSourcesBuildPhase;
			buildActionMask = 2147483647;
			files = (
				3049E6B02B953545008554DD /* WindowFrameworkContextSDL.cpp in Sources */,
				3019853B2B94DDBB00CBECCB /* Framework.cpp in Sources */,
				3004D1EB2BBDA14000572087 /* ConfigureDepthStencil.cpp in Sources */,
				300C71DC2BC192B300FFBB85 /* ConfigureFramebuffers.cpp in Sources */,
				300C71DB2BC192B300FFBB85 /* ConfigureCommandBuffers.cpp in Sources */,
				300C71E12BC1AD2C00FFBB85 /* RenderBegin.cpp in Sources */,
				3069132E2B5E8A1A00B14F73 /* Main.cpp in Sources */,
				3004D1FE2BC05A2700572087 /* ConfigureRenderPasses.cpp in Sources */,
				301985372B94DC6000CBECCB /* FrameworkSDLVulkan.cpp in Sources */,
				301985362B94DC6000CBECCB /* FrameworkSDL.cpp in Sources */,
				306912D12B5E7D7400B14F73 /* AppDelegate.m in Sources */,
				3004D1EA2BBDA14000572087 /* Image.cpp in Sources */,
				305AA2C42BB0EDF800BDAE68 /* ConfigureFormats.cpp in Sources */,
				307706332BA896D500122E50 /* Vulkanize.cpp in Sources */,
				305AA2D52BB1041300BDAE68 /* ConfigureSurfaceSize.cpp in Sources */,
				306912E12B5E7E1D00B14F73 /* Warlock.swift in Sources */,
				300C71E42BC42C8A00FFBB85 /* CompileShader.cpp in Sources */,
				305AA2B12BAF4B5600BDAE68 /* Operation.cpp in Sources */,
				300C71D92BC192B300FFBB85 /* ConfigureCommandPool.cpp in Sources */,
				3049E6AE2B952FBE008554DD /* WindowRenderContextVulkan.cpp in Sources */,
				3049E6A72B94FBF4008554DD /* Balefire.cpp in Sources */,
				301985332B94DC6000CBECCB /* Renderer.cpp in Sources */,
				305AA2C52BB0EDF800BDAE68 /* ConfigureSwapchain.cpp in Sources */,
				300C71DA2BC192B300FFBB85 /* ConfigureFences.cpp in Sources */,
				301985322B94DC6000CBECCB /* String.cpp in Sources */,
				301985392B94DC6000CBECCB /* RendererVulkan.cpp in Sources */,
				300C71CB2BC1833600FFBB85 /* ConfigureGraphicsPipeline.cpp in Sources */,
				307706362BA8B3AC00122E50 /* Context.cpp in Sources */,
				3004D1EE2BBDB20700572087 /* ConfigureQueues.cpp in Sources */,
				301985302B94DC6000CBECCB /* Window.cpp in Sources */,
				300C71D82BC192B300FFBB85 /* ConfigureSemaphores.cpp in Sources */,
				301985382B94DC6000CBECCB /* VkBootstrap.cpp in Sources */,
				305AA2AF2BAF48E200BDAE68 /* ConfigureDevice.cpp in Sources */,
				300C71E22BC1AD2C00FFBB85 /* RenderEnd.cpp in Sources */,
			);
			runOnlyForDeploymentPostprocessing = 0;
		};
/* End PBXSourcesBuildPhase section */

/* Begin XCBuildConfiguration section */
		306912DA2B5E7D7500B14F73 /* Debug */ = {
			isa = XCBuildConfiguration;
			buildSettings = {
				ALWAYS_SEARCH_USER_PATHS = NO;
				ASSETCATALOG_COMPILER_GENERATE_SWIFT_ASSET_SYMBOL_EXTENSIONS = YES;
				CLANG_ANALYZER_NONNULL = YES;
				CLANG_ANALYZER_NUMBER_OBJECT_CONVERSION = YES_AGGRESSIVE;
				CLANG_CXX_LANGUAGE_STANDARD = "gnu++20";
				CLANG_ENABLE_MODULES = YES;
				CLANG_ENABLE_OBJC_ARC = YES;
				CLANG_ENABLE_OBJC_WEAK = YES;
				CLANG_WARN_BLOCK_CAPTURE_AUTORELEASING = YES;
				CLANG_WARN_BOOL_CONVERSION = YES;
				CLANG_WARN_COMMA = YES;
				CLANG_WARN_CONSTANT_CONVERSION = YES;
				CLANG_WARN_DEPRECATED_OBJC_IMPLEMENTATIONS = YES;
				CLANG_WARN_DIRECT_OBJC_ISA_USAGE = YES_ERROR;
				CLANG_WARN_DOCUMENTATION_COMMENTS = YES;
				CLANG_WARN_EMPTY_BODY = YES;
				CLANG_WARN_ENUM_CONVERSION = YES;
				CLANG_WARN_INFINITE_RECURSION = YES;
				CLANG_WARN_INT_CONVERSION = YES;
				CLANG_WARN_NON_LITERAL_NULL_CONVERSION = YES;
				CLANG_WARN_OBJC_IMPLICIT_RETAIN_SELF = YES;
				CLANG_WARN_OBJC_LITERAL_CONVERSION = YES;
				CLANG_WARN_OBJC_ROOT_CLASS = YES_ERROR;
				CLANG_WARN_QUOTED_INCLUDE_IN_FRAMEWORK_HEADER = YES;
				CLANG_WARN_RANGE_LOOP_ANALYSIS = YES;
				CLANG_WARN_STRICT_PROTOTYPES = YES;
				CLANG_WARN_SUSPICIOUS_MOVE = YES;
				CLANG_WARN_UNGUARDED_AVAILABILITY = YES_AGGRESSIVE;
				CLANG_WARN_UNREACHABLE_CODE = YES;
				CLANG_WARN__DUPLICATE_METHOD_MATCH = YES;
				COPY_PHASE_STRIP = NO;
				DEBUG_INFORMATION_FORMAT = dwarf;
				ENABLE_STRICT_OBJC_MSGSEND = YES;
				ENABLE_TESTABILITY = YES;
				ENABLE_USER_SCRIPT_SANDBOXING = YES;
				GCC_C_LANGUAGE_STANDARD = gnu17;
				GCC_DYNAMIC_NO_PIC = NO;
				GCC_NO_COMMON_BLOCKS = YES;
				GCC_OPTIMIZATION_LEVEL = 0;
				GCC_PREPROCESSOR_DEFINITIONS = (
					"DEBUG=1",
					"$(inherited)",
				);
				GCC_WARN_64_TO_32_BIT_CONVERSION = YES;
				GCC_WARN_ABOUT_RETURN_TYPE = YES_ERROR;
				GCC_WARN_UNDECLARED_SELECTOR = YES;
				GCC_WARN_UNINITIALIZED_AUTOS = YES_AGGRESSIVE;
				GCC_WARN_UNUSED_FUNCTION = YES;
				GCC_WARN_UNUSED_VARIABLE = YES;
				LOCALIZATION_PREFERS_STRING_CATALOGS = YES;
				MACOSX_DEPLOYMENT_TARGET = 14.0;
				MTL_ENABLE_DEBUG_INFO = INCLUDE_SOURCE;
				MTL_FAST_MATH = YES;
				ONLY_ACTIVE_ARCH = YES;
				SDKROOT = macosx;
			};
			name = Debug;
		};
		306912DB2B5E7D7500B14F73 /* Release */ = {
			isa = XCBuildConfiguration;
			buildSettings = {
				ALWAYS_SEARCH_USER_PATHS = NO;
				ASSETCATALOG_COMPILER_GENERATE_SWIFT_ASSET_SYMBOL_EXTENSIONS = YES;
				CLANG_ANALYZER_NONNULL = YES;
				CLANG_ANALYZER_NUMBER_OBJECT_CONVERSION = YES_AGGRESSIVE;
				CLANG_CXX_LANGUAGE_STANDARD = "gnu++20";
				CLANG_ENABLE_MODULES = YES;
				CLANG_ENABLE_OBJC_ARC = YES;
				CLANG_ENABLE_OBJC_WEAK = YES;
				CLANG_WARN_BLOCK_CAPTURE_AUTORELEASING = YES;
				CLANG_WARN_BOOL_CONVERSION = YES;
				CLANG_WARN_COMMA = YES;
				CLANG_WARN_CONSTANT_CONVERSION = YES;
				CLANG_WARN_DEPRECATED_OBJC_IMPLEMENTATIONS = YES;
				CLANG_WARN_DIRECT_OBJC_ISA_USAGE = YES_ERROR;
				CLANG_WARN_DOCUMENTATION_COMMENTS = YES;
				CLANG_WARN_EMPTY_BODY = YES;
				CLANG_WARN_ENUM_CONVERSION = YES;
				CLANG_WARN_INFINITE_RECURSION = YES;
				CLANG_WARN_INT_CONVERSION = YES;
				CLANG_WARN_NON_LITERAL_NULL_CONVERSION = YES;
				CLANG_WARN_OBJC_IMPLICIT_RETAIN_SELF = YES;
				CLANG_WARN_OBJC_LITERAL_CONVERSION = YES;
				CLANG_WARN_OBJC_ROOT_CLASS = YES_ERROR;
				CLANG_WARN_QUOTED_INCLUDE_IN_FRAMEWORK_HEADER = YES;
				CLANG_WARN_RANGE_LOOP_ANALYSIS = YES;
				CLANG_WARN_STRICT_PROTOTYPES = YES;
				CLANG_WARN_SUSPICIOUS_MOVE = YES;
				CLANG_WARN_UNGUARDED_AVAILABILITY = YES_AGGRESSIVE;
				CLANG_WARN_UNREACHABLE_CODE = YES;
				CLANG_WARN__DUPLICATE_METHOD_MATCH = YES;
				COPY_PHASE_STRIP = NO;
				DEBUG_INFORMATION_FORMAT = "dwarf-with-dsym";
				ENABLE_NS_ASSERTIONS = NO;
				ENABLE_STRICT_OBJC_MSGSEND = YES;
				ENABLE_USER_SCRIPT_SANDBOXING = YES;
				GCC_C_LANGUAGE_STANDARD = gnu17;
				GCC_NO_COMMON_BLOCKS = YES;
				GCC_WARN_64_TO_32_BIT_CONVERSION = YES;
				GCC_WARN_ABOUT_RETURN_TYPE = YES_ERROR;
				GCC_WARN_UNDECLARED_SELECTOR = YES;
				GCC_WARN_UNINITIALIZED_AUTOS = YES_AGGRESSIVE;
				GCC_WARN_UNUSED_FUNCTION = YES;
				GCC_WARN_UNUSED_VARIABLE = YES;
				LOCALIZATION_PREFERS_STRING_CATALOGS = YES;
				MACOSX_DEPLOYMENT_TARGET = 14.0;
				MTL_ENABLE_DEBUG_INFO = NO;
				MTL_FAST_MATH = YES;
				SDKROOT = macosx;
			};
			name = Release;
		};
		306912DD2B5E7D7500B14F73 /* Debug */ = {
			isa = XCBuildConfiguration;
			buildSettings = {
				ASSETCATALOG_COMPILER_APPICON_NAME = AppIcon;
				ASSETCATALOG_COMPILER_GLOBAL_ACCENT_COLOR_NAME = AccentColor;
				CLANG_ENABLE_MODULES = YES;
				CODE_SIGN_ENTITLEMENTS = "Warlock-macOS/Project_macOS.entitlements";
				CODE_SIGN_STYLE = Automatic;
				COMBINE_HIDPI_IMAGES = YES;
				CURRENT_PROJECT_VERSION = 1;
				DEVELOPMENT_TEAM = AFP6SAXN8A;
				ENABLE_HARDENED_RUNTIME = YES;
				GENERATE_INFOPLIST_FILE = YES;
				HEADER_SEARCH_PATHS = (
					../../Libraries/Balefire/CPP/Headers,
					../../Libraries/Vulkanize/CPP/Headers,
					../../Libraries/glslang,
				);
				INFOPLIST_KEY_NSHumanReadableCopyright = "";
				INFOPLIST_KEY_NSMainNibFile = MainMenu;
				INFOPLIST_KEY_NSPrincipalClass = NSApplication;
				LD_RUNPATH_SEARCH_PATHS = (
					"$(inherited)",
					"@executable_path/../Frameworks",
				);
				LIBRARY_SEARCH_PATHS = (
					../../Libraries/glslang/build/glslang,
					../../Libraries/glslang/build/glslang/OSDependent/Unix,
				);
				MARKETING_VERSION = 1.0;
				PRODUCT_BUNDLE_IDENTIFIER = "dev.warlock.Warlock-macOS";
				PRODUCT_NAME = "$(TARGET_NAME)";
				SWIFT_EMIT_LOC_STRINGS = YES;
				SWIFT_OBJC_BRIDGING_HEADER = "Warlock-Bridging-Header.h";
				SWIFT_OPTIMIZATION_LEVEL = "-Onone";
				SWIFT_VERSION = 5.0;
				SYSTEM_HEADER_SEARCH_PATHS = (
					"\"$(SRCROOT)/../../Libraries/MoltenVK/MoltenVK/include\"",
					"\"$(SRCROOT)/../../Libraries/glm\"",
				);
			};
			name = Debug;
		};
		306912DE2B5E7D7500B14F73 /* Release */ = {
			isa = XCBuildConfiguration;
			buildSettings = {
				ASSETCATALOG_COMPILER_APPICON_NAME = AppIcon;
				ASSETCATALOG_COMPILER_GLOBAL_ACCENT_COLOR_NAME = AccentColor;
				CLANG_ENABLE_MODULES = YES;
				CODE_SIGN_ENTITLEMENTS = "Warlock-macOS/Project_macOS.entitlements";
				CODE_SIGN_STYLE = Automatic;
				COMBINE_HIDPI_IMAGES = YES;
				CURRENT_PROJECT_VERSION = 1;
				DEVELOPMENT_TEAM = AFP6SAXN8A;
				ENABLE_HARDENED_RUNTIME = YES;
				GENERATE_INFOPLIST_FILE = YES;
				HEADER_SEARCH_PATHS = (
					../../Libraries/Balefire/CPP/Headers,
					../../Libraries/Vulkanize/CPP/Headers,
					../../Libraries/glslang,
				);
				INFOPLIST_KEY_NSHumanReadableCopyright = "";
				INFOPLIST_KEY_NSMainNibFile = MainMenu;
				INFOPLIST_KEY_NSPrincipalClass = NSApplication;
				LD_RUNPATH_SEARCH_PATHS = (
					"$(inherited)",
					"@executable_path/../Frameworks",
				);
				LIBRARY_SEARCH_PATHS = (
					../../Libraries/glslang/build/glslang,
					../../Libraries/glslang/build/glslang/OSDependent/Unix,
				);
				MARKETING_VERSION = 1.0;
				PRODUCT_BUNDLE_IDENTIFIER = "dev.warlock.Warlock-macOS";
				PRODUCT_NAME = "$(TARGET_NAME)";
				SWIFT_EMIT_LOC_STRINGS = YES;
				SWIFT_OBJC_BRIDGING_HEADER = "Warlock-Bridging-Header.h";
				SWIFT_VERSION = 5.0;
				SYSTEM_HEADER_SEARCH_PATHS = (
					"\"$(SRCROOT)/../../Libraries/MoltenVK/MoltenVK/include\"",
					"\"$(SRCROOT)/../../Libraries/glm\"",
				);
			};
			name = Release;
		};
/* End XCBuildConfiguration section */

/* Begin XCConfigurationList section */
		306912C72B5E7D7400B14F73 /* Build configuration list for PBXProject "Warlock-macOS" */ = {
			isa = XCConfigurationList;
			buildConfigurations = (
				306912DA2B5E7D7500B14F73 /* Debug */,
				306912DB2B5E7D7500B14F73 /* Release */,
			);
			defaultConfigurationIsVisible = 0;
			defaultConfigurationName = Release;
		};
		306912DC2B5E7D7500B14F73 /* Build configuration list for PBXNativeTarget "Warlock-macOS" */ = {
			isa = XCConfigurationList;
			buildConfigurations = (
				306912DD2B5E7D7500B14F73 /* Debug */,
				306912DE2B5E7D7500B14F73 /* Release */,
			);
			defaultConfigurationIsVisible = 0;
			defaultConfigurationName = Release;
		};
/* End XCConfigurationList section */
	};
	rootObject = 306912C42B5E7D7400B14F73 /* Project object */;
}
