PODS:
  - BackendlessSwift (7.0.4):
    - Socket.IO-Client-Swift (~> 16.0)
  - Socket.IO-Client-Swift (16.1.1):
    - Starscream (~> 4.0.8)
  - Starscream (4.0.8)

DEPENDENCIES:
  - BackendlessSwift

SPEC REPOS:
  trunk:
    - BackendlessSwift
    - Socket.IO-Client-Swift
    - Starscream

SPEC CHECKSUMS:
  BackendlessSwift: 28c70ee52524cb6177ae143b27e689cde1b014d6
  Socket.IO-Client-Swift: 3614bea82ba005df1c2ff01154f4004993e05ad7
  Starscream: 19b5533ddb925208db698f0ac508a100b884a1b9

PODFILE CHECKSUM: f0df31e1b74599cbb6ed8f1e56b1aa4d4be2a6b8

COCOAPODS: 1.16.2
